{
  "pins" : [
    {
      "identity" : "swift-snapshot-testing",
      "kind" : "remoteSourceControl",
      "location" : "https://github.com/pointfreeco/swift-snapshot-testing",
      "state" : {
        "branch" : "main",
        "revision" : "8e68404f641300bfd0e37d478683bb275926760c"
      }
    },
    {
      "identity" : "swift-syntax",
      "kind" : "remoteSourceControl",
      "location" : "https://github.com/apple/swift-syntax.git",
      "state" : {
        "revision" : "43c802fb7f96e090dde015344a94b5e85779eff1",
        "version" : "509.1.0"
      }
    }
  ],
  "version" : 2
}
