// !$*UTF8*$!
{
	archiveVersion = 1;
	classes = {
	};
	objectVersion = 56;
	objects = {

/* Begin PBXBuildFile section */
		2619991B2B136911006741B5 /* Tracker.swift in Sources */ = {isa = PBXBuildFile; fileRef = 2619991A2B136911006741B5 /* Tracker.swift */; };
		2619991D2B13698F006741B5 /* TrackerCategory.swift in Sources */ = {isa = PBXBuildFile; fileRef = 2619991C2B13698F006741B5 /* TrackerCategory.swift */; };
		2619991F2B1369C9006741B5 /* TrackerRecord.swift in Sources */ = {isa = PBXBuildFile; fileRef = 2619991E2B1369C9006741B5 /* TrackerRecord.swift */; };
		261999212B136A62006741B5 /* TrackersViewController.swift in Sources */ = {isa = PBXBuildFile; fileRef = 261999202B136A62006741B5 /* TrackersViewController.swift */; };
		262C06032B396BAC006FB716 /* CustomButton.swift in Sources */ = {isa = PBXBuildFile; fileRef = 262C06022B3968BA006FB716 /* CustomButton.swift */; };
		262C06272B399761006FB716 /* OnboardingViewController.swift in Sources */ = {isa = PBXBuildFile; fileRef = 262C06262B399761006FB716 /* OnboardingViewController.swift */; };
		262C062B2B3B0C00006FB716 /* SetCategoryViewModel.swift in Sources */ = {isa = PBXBuildFile; fileRef = 262C062A2B3B0C00006FB716 /* SetCategoryViewModel.swift */; };
		2653A2AF2B1382B3006B92A5 /* TabBarViewController.swift in Sources */ = {isa = PBXBuildFile; fileRef = 2653A2AE2B1382B3006B92A5 /* TabBarViewController.swift */; };
		2653A2B12B1382E4006B92A5 /* StatisticsViewController.swift in Sources */ = {isa = PBXBuildFile; fileRef = 2653A2B02B1382E4006B92A5 /* StatisticsViewController.swift */; };
		2653A2B72B139EAF006B92A5 /* Collection Parameters.swift in Sources */ = {isa = PBXBuildFile; fileRef = 2653A2B62B139EAF006B92A5 /* Collection Parameters.swift */; };
		2653A2B92B139F5F006B92A5 /* TrackerCollectionViewCell.swift in Sources */ = {isa = PBXBuildFile; fileRef = 2653A2B82B139F5F006B92A5 /* TrackerCollectionViewCell.swift */; };
		2653A2BB2B139FB3006B92A5 /* TrackerCollectionViewHeader.swift in Sources */ = {isa = PBXBuildFile; fileRef = 2653A2BA2B139FB3006B92A5 /* TrackerCollectionViewHeader.swift */; };
		2653A2BD2B1E4563006B92A5 /* CreateTrackerViewController.swift in Sources */ = {isa = PBXBuildFile; fileRef = 2653A2BC2B1E4563006B92A5 /* CreateTrackerViewController.swift */; };
		2653A2BF2B1F123F006B92A5 /* CreateNewHabitViewController.swift in Sources */ = {isa = PBXBuildFile; fileRef = 2653A2BE2B1F123F006B92A5 /* CreateNewHabitViewController.swift */; };
		2653A2C32B1F240A006B92A5 /* SettingTableViewCell.swift in Sources */ = {isa = PBXBuildFile; fileRef = 2653A2C22B1F240A006B92A5 /* SettingTableViewCell.swift */; };
		2653A2C52B1F26A7006B92A5 /* SetScheduleViewController.swift in Sources */ = {isa = PBXBuildFile; fileRef = 2653A2C42B1F26A7006B92A5 /* SetScheduleViewController.swift */; };
		2653A2C72B1F299F006B92A5 /* WeekDaysSwitchTableViewCell.swift in Sources */ = {isa = PBXBuildFile; fileRef = 2653A2C62B1F299F006B92A5 /* WeekDaysSwitchTableViewCell.swift */; };
		2653A2C92B1F69EB006B92A5 /* SetCategoryViewController.swift in Sources */ = {isa = PBXBuildFile; fileRef = 2653A2C82B1F69EB006B92A5 /* SetCategoryViewController.swift */; };
		2653A2CB2B1FA856006B92A5 /* SettingOptions.swift in Sources */ = {isa = PBXBuildFile; fileRef = 2653A2CA2B1FA856006B92A5 /* SettingOptions.swift */; };
		2653A2CD2B1FA88E006B92A5 /* SwitchOptions.swift in Sources */ = {isa = PBXBuildFile; fileRef = 2653A2CC2B1FA88E006B92A5 /* SwitchOptions.swift */; };
		2653A2CF2B1FA8A5006B92A5 /* WeekDays.swift in Sources */ = {isa = PBXBuildFile; fileRef = 2653A2CE2B1FA8A5006B92A5 /* WeekDays.swift */; };
		2653A2D12B207DB9006B92A5 /* EmojisCollectionViewCell.swift in Sources */ = {isa = PBXBuildFile; fileRef = 2653A2D02B207DB8006B92A5 /* EmojisCollectionViewCell.swift */; };
		2653A2D32B208E84006B92A5 /* EmojisCollectionHeaderView.swift in Sources */ = {isa = PBXBuildFile; fileRef = 2653A2D22B208E84006B92A5 /* EmojisCollectionHeaderView.swift */; };
		2653A2D52B20F638006B92A5 /* CreateNewCategoryViewController.swift in Sources */ = {isa = PBXBuildFile; fileRef = 2653A2D42B20F638006B92A5 /* CreateNewCategoryViewController.swift */; };
		2653A2D72B21EC64006B92A5 /* CategoriesTableViewCell.swift in Sources */ = {isa = PBXBuildFile; fileRef = 2653A2D62B21EC64006B92A5 /* CategoriesTableViewCell.swift */; };
		2653A2D92B2860F1006B92A5 /* ColoursCollectionViewCell.swift in Sources */ = {isa = PBXBuildFile; fileRef = 2653A2D82B2860F1006B92A5 /* ColoursCollectionViewCell.swift */; };
		2653A2DB2B286129006B92A5 /* ColoursCollectionHeaderView.swift in Sources */ = {isa = PBXBuildFile; fileRef = 2653A2DA2B286129006B92A5 /* ColoursCollectionHeaderView.swift */; };
		2653A3012B2883B0006B92A5 /* Tracker.xcdatamodeld in Sources */ = {isa = PBXBuildFile; fileRef = 2653A2FF2B2883B0006B92A5 /* Tracker.xcdatamodeld */; };
		2653A3032B28864E006B92A5 /* DaysValueTransformer.swift in Sources */ = {isa = PBXBuildFile; fileRef = 2653A3022B28864E006B92A5 /* DaysValueTransformer.swift */; };
		2653A30B2B289CE3006B92A5 /* TrackerStore.swift in Sources */ = {isa = PBXBuildFile; fileRef = 2653A30A2B289CE3006B92A5 /* TrackerStore.swift */; };
		2653A30D2B289CEE006B92A5 /* TrackerCategoryStore.swift in Sources */ = {isa = PBXBuildFile; fileRef = 2653A30C2B289CEE006B92A5 /* TrackerCategoryStore.swift */; };
		2653A30F2B289CF7006B92A5 /* TrackerRecordStore.swift in Sources */ = {isa = PBXBuildFile; fileRef = 2653A30E2B289CF7006B92A5 /* TrackerRecordStore.swift */; };
		266FD64A2B60F41400F12577 /* TrackerRecordCoreData+CoreDataClass.swift in Sources */ = {isa = PBXBuildFile; fileRef = 266FD6442B60F41400F12577 /* TrackerRecordCoreData+CoreDataClass.swift */; };
		266FD64B2B60F41400F12577 /* TrackerRecordCoreData+CoreDataProperties.swift in Sources */ = {isa = PBXBuildFile; fileRef = 266FD6452B60F41400F12577 /* TrackerRecordCoreData+CoreDataProperties.swift */; };
		266FD64C2B60F41400F12577 /* TrackerCoreData+CoreDataClass.swift in Sources */ = {isa = PBXBuildFile; fileRef = 266FD6462B60F41400F12577 /* TrackerCoreData+CoreDataClass.swift */; };
		266FD64D2B60F41400F12577 /* TrackerCoreData+CoreDataProperties.swift in Sources */ = {isa = PBXBuildFile; fileRef = 266FD6472B60F41400F12577 /* TrackerCoreData+CoreDataProperties.swift */; };
		266FD64E2B60F41400F12577 /* TrackerCategoryCoreData+CoreDataClass.swift in Sources */ = {isa = PBXBuildFile; fileRef = 266FD6482B60F41400F12577 /* TrackerCategoryCoreData+CoreDataClass.swift */; };
		266FD64F2B60F41400F12577 /* TrackerCategoryCoreData+CoreDataProperties.swift in Sources */ = {isa = PBXBuildFile; fileRef = 266FD6492B60F41400F12577 /* TrackerCategoryCoreData+CoreDataProperties.swift */; };
		266FD6722B6120F900F12577 /* TrackerTests.swift in Sources */ = {isa = PBXBuildFile; fileRef = 266FD6712B6120F900F12577 /* TrackerTests.swift */; };
		266FD67A2B6121FB00F12577 /* InlineSnapshotTesting in Frameworks */ = {isa = PBXBuildFile; productRef = 266FD6792B6121FB00F12577 /* InlineSnapshotTesting */; };
		266FD67C2B6121FB00F12577 /* SnapshotTesting in Frameworks */ = {isa = PBXBuildFile; productRef = 266FD67B2B6121FB00F12577 /* SnapshotTesting */; };
		2678DE9C2B11F1EF0037A7FF /* AppDelegate.swift in Sources */ = {isa = PBXBuildFile; fileRef = 2678DE9B2B11F1EF0037A7FF /* AppDelegate.swift */; };
		2678DE9E2B11F1EF0037A7FF /* SceneDelegate.swift in Sources */ = {isa = PBXBuildFile; fileRef = 2678DE9D2B11F1EF0037A7FF /* SceneDelegate.swift */; };
		2678DEA32B11F1EF0037A7FF /* Main.storyboard in Resources */ = {isa = PBXBuildFile; fileRef = 2678DEA12B11F1EF0037A7FF /* Main.storyboard */; };
		2678DEA52B11F1F10037A7FF /* Assets.xcassets in Resources */ = {isa = PBXBuildFile; fileRef = 2678DEA42B11F1F10037A7FF /* Assets.xcassets */; };
		2678DEA82B11F1F10037A7FF /* LaunchScreen.storyboard in Resources */ = {isa = PBXBuildFile; fileRef = 2678DEA62B11F1F10037A7FF /* LaunchScreen.storyboard */; };
		2684DCAD2B5140B600AB4A7F /* number_of_days.stringsdict in Resources */ = {isa = PBXBuildFile; fileRef = 2684DCAF2B5140B600AB4A7F /* number_of_days.stringsdict */; };
		2684DCB52B5569B400AB4A7F /* Localizable.strings in Resources */ = {isa = PBXBuildFile; fileRef = 2684DCB72B5569B400AB4A7F /* Localizable.strings */; };
		2684DCD72B57F36200AB4A7F /* FiltersViewController.swift in Sources */ = {isa = PBXBuildFile; fileRef = 2684DCD62B57F36200AB4A7F /* FiltersViewController.swift */; };
		2684DCD92B57F77700AB4A7F /* FiltersTableViewCell.swift in Sources */ = {isa = PBXBuildFile; fileRef = 2684DCD82B57F77700AB4A7F /* FiltersTableViewCell.swift */; };
		2684DCEF2B581BA500AB4A7F /* AnalyticsService.swift in Sources */ = {isa = PBXBuildFile; fileRef = 2684DCEE2B581BA500AB4A7F /* AnalyticsService.swift */; };
		2684DCFE2B59537A00AB4A7F /* CustomView.swift in Sources */ = {isa = PBXBuildFile; fileRef = 2684DCFD2B59537A00AB4A7F /* CustomView.swift */; };
		2684DD042B59641200AB4A7F /* Date.swift in Sources */ = {isa = PBXBuildFile; fileRef = 2684DD032B59641200AB4A7F /* Date.swift */; };
		269A22452B4E958B0094974E /* OnboardingViewControllerBase.swift in Sources */ = {isa = PBXBuildFile; fileRef = 269A22442B4E958B0094974E /* OnboardingViewControllerBase.swift */; };
		26AF274A2B3215680076B228 /* UIColor.swift in Sources */ = {isa = PBXBuildFile; fileRef = 26AF27492B3215680076B228 /* UIColor.swift */; };
		4B38CCE163C60862B5385C08 /* Pods_Tracker.framework in Frameworks */ = {isa = PBXBuildFile; fileRef = A4E0350F751BA7B7DD37A227 /* Pods_Tracker.framework */; };
/* End PBXBuildFile section */

/* Begin PBXContainerItemProxy section */
		266FD6732B6120F900F12577 /* PBXContainerItemProxy */ = {
			isa = PBXContainerItemProxy;
			containerPortal = 2678DE902B11F1EF0037A7FF /* Project object */;
			proxyType = 1;
			remoteGlobalIDString = 2678DE972B11F1EF0037A7FF;
			remoteInfo = Tracker;
		};
/* End PBXContainerItemProxy section */

/* Begin PBXFileReference section */
		053CF568248AD3069E1ACD2F /* Pods_TrackerTests.framework */ = {isa = PBXFileReference; explicitFileType = wrapper.framework; includeInIndex = 0; path = Pods_TrackerTests.framework; sourceTree = BUILT_PRODUCTS_DIR; };
		1D96BD2697AD05A9CA168E6E /* Pods-TrackerTests.release.xcconfig */ = {isa = PBXFileReference; includeInIndex = 1; lastKnownFileType = text.xcconfig; name = "Pods-TrackerTests.release.xcconfig"; path = "Target Support Files/Pods-TrackerTests/Pods-TrackerTests.release.xcconfig"; sourceTree = "<group>"; };
		2619991A2B136911006741B5 /* Tracker.swift */ = {isa = PBXFileReference; lastKnownFileType = sourcecode.swift; path = Tracker.swift; sourceTree = "<group>"; };
		2619991C2B13698F006741B5 /* TrackerCategory.swift */ = {isa = PBXFileReference; lastKnownFileType = sourcecode.swift; path = TrackerCategory.swift; sourceTree = "<group>"; };
		2619991E2B1369C9006741B5 /* TrackerRecord.swift */ = {isa = PBXFileReference; lastKnownFileType = sourcecode.swift; path = TrackerRecord.swift; sourceTree = "<group>"; };
		261999202B136A62006741B5 /* TrackersViewController.swift */ = {isa = PBXFileReference; lastKnownFileType = sourcecode.swift; path = TrackersViewController.swift; sourceTree = "<group>"; };
		262C06022B3968BA006FB716 /* CustomButton.swift */ = {isa = PBXFileReference; lastKnownFileType = sourcecode.swift; path = CustomButton.swift; sourceTree = "<group>"; };
		262C06262B399761006FB716 /* OnboardingViewController.swift */ = {isa = PBXFileReference; lastKnownFileType = sourcecode.swift; path = OnboardingViewController.swift; sourceTree = "<group>"; };
		262C062A2B3B0C00006FB716 /* SetCategoryViewModel.swift */ = {isa = PBXFileReference; lastKnownFileType = sourcecode.swift; path = SetCategoryViewModel.swift; sourceTree = "<group>"; };
		2653A2AE2B1382B3006B92A5 /* TabBarViewController.swift */ = {isa = PBXFileReference; lastKnownFileType = sourcecode.swift; path = TabBarViewController.swift; sourceTree = "<group>"; };
		2653A2B02B1382E4006B92A5 /* StatisticsViewController.swift */ = {isa = PBXFileReference; lastKnownFileType = sourcecode.swift; path = StatisticsViewController.swift; sourceTree = "<group>"; };
		2653A2B62B139EAF006B92A5 /* Collection Parameters.swift */ = {isa = PBXFileReference; lastKnownFileType = sourcecode.swift; path = "Collection Parameters.swift"; sourceTree = "<group>"; };
		2653A2B82B139F5F006B92A5 /* TrackerCollectionViewCell.swift */ = {isa = PBXFileReference; lastKnownFileType = sourcecode.swift; path = TrackerCollectionViewCell.swift; sourceTree = "<group>"; };
		2653A2BA2B139FB3006B92A5 /* TrackerCollectionViewHeader.swift */ = {isa = PBXFileReference; lastKnownFileType = sourcecode.swift; path = TrackerCollectionViewHeader.swift; sourceTree = "<group>"; };
		2653A2BC2B1E4563006B92A5 /* CreateTrackerViewController.swift */ = {isa = PBXFileReference; lastKnownFileType = sourcecode.swift; path = CreateTrackerViewController.swift; sourceTree = "<group>"; };
		2653A2BE2B1F123F006B92A5 /* CreateNewHabitViewController.swift */ = {isa = PBXFileReference; lastKnownFileType = sourcecode.swift; path = CreateNewHabitViewController.swift; sourceTree = "<group>"; };
		2653A2C22B1F240A006B92A5 /* SettingTableViewCell.swift */ = {isa = PBXFileReference; lastKnownFileType = sourcecode.swift; path = SettingTableViewCell.swift; sourceTree = "<group>"; };
		2653A2C42B1F26A7006B92A5 /* SetScheduleViewController.swift */ = {isa = PBXFileReference; lastKnownFileType = sourcecode.swift; path = SetScheduleViewController.swift; sourceTree = "<group>"; };
		2653A2C62B1F299F006B92A5 /* WeekDaysSwitchTableViewCell.swift */ = {isa = PBXFileReference; lastKnownFileType = sourcecode.swift; path = WeekDaysSwitchTableViewCell.swift; sourceTree = "<group>"; };
		2653A2C82B1F69EB006B92A5 /* SetCategoryViewController.swift */ = {isa = PBXFileReference; lastKnownFileType = sourcecode.swift; path = SetCategoryViewController.swift; sourceTree = "<group>"; };
		2653A2CA2B1FA856006B92A5 /* SettingOptions.swift */ = {isa = PBXFileReference; lastKnownFileType = sourcecode.swift; path = SettingOptions.swift; sourceTree = "<group>"; };
		2653A2CC2B1FA88E006B92A5 /* SwitchOptions.swift */ = {isa = PBXFileReference; lastKnownFileType = sourcecode.swift; path = SwitchOptions.swift; sourceTree = "<group>"; };
		2653A2CE2B1FA8A5006B92A5 /* WeekDays.swift */ = {isa = PBXFileReference; lastKnownFileType = sourcecode.swift; path = WeekDays.swift; sourceTree = "<group>"; };
		2653A2D02B207DB8006B92A5 /* EmojisCollectionViewCell.swift */ = {isa = PBXFileReference; lastKnownFileType = sourcecode.swift; path = EmojisCollectionViewCell.swift; sourceTree = "<group>"; };
		2653A2D22B208E84006B92A5 /* EmojisCollectionHeaderView.swift */ = {isa = PBXFileReference; lastKnownFileType = sourcecode.swift; path = EmojisCollectionHeaderView.swift; sourceTree = "<group>"; };
		2653A2D42B20F638006B92A5 /* CreateNewCategoryViewController.swift */ = {isa = PBXFileReference; lastKnownFileType = sourcecode.swift; path = CreateNewCategoryViewController.swift; sourceTree = "<group>"; };
		2653A2D62B21EC64006B92A5 /* CategoriesTableViewCell.swift */ = {isa = PBXFileReference; lastKnownFileType = sourcecode.swift; path = CategoriesTableViewCell.swift; sourceTree = "<group>"; };
		2653A2D82B2860F1006B92A5 /* ColoursCollectionViewCell.swift */ = {isa = PBXFileReference; lastKnownFileType = sourcecode.swift; path = ColoursCollectionViewCell.swift; sourceTree = "<group>"; };
		2653A2DA2B286129006B92A5 /* ColoursCollectionHeaderView.swift */ = {isa = PBXFileReference; lastKnownFileType = sourcecode.swift; path = ColoursCollectionHeaderView.swift; sourceTree = "<group>"; };
		2653A3002B2883B0006B92A5 /* Tracker.xcdatamodel */ = {isa = PBXFileReference; lastKnownFileType = wrapper.xcdatamodel; path = Tracker.xcdatamodel; sourceTree = "<group>"; };
		2653A3022B28864E006B92A5 /* DaysValueTransformer.swift */ = {isa = PBXFileReference; lastKnownFileType = sourcecode.swift; path = DaysValueTransformer.swift; sourceTree = "<group>"; };
		2653A30A2B289CE3006B92A5 /* TrackerStore.swift */ = {isa = PBXFileReference; lastKnownFileType = sourcecode.swift; path = TrackerStore.swift; sourceTree = "<group>"; };
		2653A30C2B289CEE006B92A5 /* TrackerCategoryStore.swift */ = {isa = PBXFileReference; lastKnownFileType = sourcecode.swift; path = TrackerCategoryStore.swift; sourceTree = "<group>"; };
		2653A30E2B289CF7006B92A5 /* TrackerRecordStore.swift */ = {isa = PBXFileReference; lastKnownFileType = sourcecode.swift; path = TrackerRecordStore.swift; sourceTree = "<group>"; };
		266FD6442B60F41400F12577 /* TrackerRecordCoreData+CoreDataClass.swift */ = {isa = PBXFileReference; lastKnownFileType = sourcecode.swift; path = "TrackerRecordCoreData+CoreDataClass.swift"; sourceTree = "<group>"; };
		266FD6452B60F41400F12577 /* TrackerRecordCoreData+CoreDataProperties.swift */ = {isa = PBXFileReference; lastKnownFileType = sourcecode.swift; path = "TrackerRecordCoreData+CoreDataProperties.swift"; sourceTree = "<group>"; };
		266FD6462B60F41400F12577 /* TrackerCoreData+CoreDataClass.swift */ = {isa = PBXFileReference; lastKnownFileType = sourcecode.swift; path = "TrackerCoreData+CoreDataClass.swift"; sourceTree = "<group>"; };
		266FD6472B60F41400F12577 /* TrackerCoreData+CoreDataProperties.swift */ = {isa = PBXFileReference; lastKnownFileType = sourcecode.swift; path = "TrackerCoreData+CoreDataProperties.swift"; sourceTree = "<group>"; };
		266FD6482B60F41400F12577 /* TrackerCategoryCoreData+CoreDataClass.swift */ = {isa = PBXFileReference; lastKnownFileType = sourcecode.swift; path = "TrackerCategoryCoreData+CoreDataClass.swift"; sourceTree = "<group>"; };
		266FD6492B60F41400F12577 /* TrackerCategoryCoreData+CoreDataProperties.swift */ = {isa = PBXFileReference; lastKnownFileType = sourcecode.swift; path = "TrackerCategoryCoreData+CoreDataProperties.swift"; sourceTree = "<group>"; };
		266FD66F2B6120F900F12577 /* TrackerTests.xctest */ = {isa = PBXFileReference; explicitFileType = wrapper.cfbundle; includeInIndex = 0; path = TrackerTests.xctest; sourceTree = BUILT_PRODUCTS_DIR; };
		266FD6712B6120F900F12577 /* TrackerTests.swift */ = {isa = PBXFileReference; lastKnownFileType = sourcecode.swift; path = TrackerTests.swift; sourceTree = "<group>"; };
		2678DE982B11F1EF0037A7FF /* Tracker.app */ = {isa = PBXFileReference; explicitFileType = wrapper.application; includeInIndex = 0; path = Tracker.app; sourceTree = BUILT_PRODUCTS_DIR; };
		2678DE9B2B11F1EF0037A7FF /* AppDelegate.swift */ = {isa = PBXFileReference; lastKnownFileType = sourcecode.swift; path = AppDelegate.swift; sourceTree = "<group>"; };
		2678DE9D2B11F1EF0037A7FF /* SceneDelegate.swift */ = {isa = PBXFileReference; lastKnownFileType = sourcecode.swift; path = SceneDelegate.swift; sourceTree = "<group>"; };
		2678DEA22B11F1EF0037A7FF /* Base */ = {isa = PBXFileReference; lastKnownFileType = file.storyboard; name = Base; path = Base.lproj/Main.storyboard; sourceTree = "<group>"; };
		2678DEA42B11F1F10037A7FF /* Assets.xcassets */ = {isa = PBXFileReference; lastKnownFileType = folder.assetcatalog; path = Assets.xcassets; sourceTree = "<group>"; };
		2678DEA72B11F1F10037A7FF /* Base */ = {isa = PBXFileReference; lastKnownFileType = file.storyboard; name = Base; path = Base.lproj/LaunchScreen.storyboard; sourceTree = "<group>"; };
		2678DEA92B11F1F10037A7FF /* Info.plist */ = {isa = PBXFileReference; lastKnownFileType = text.plist.xml; path = Info.plist; sourceTree = "<group>"; };
		2678DEAF2B11FF590037A7FF /* YS Display-Bold.ttf */ = {isa = PBXFileReference; lastKnownFileType = file; path = "YS Display-Bold.ttf"; sourceTree = "<group>"; };
		2684DCAE2B5140B600AB4A7F /* en */ = {isa = PBXFileReference; lastKnownFileType = text.plist.stringsdict; name = en; path = en.lproj/number_of_days.stringsdict; sourceTree = "<group>"; };
		2684DCB02B5140E400AB4A7F /* ru */ = {isa = PBXFileReference; lastKnownFileType = text.plist.strings; name = ru; path = ru.lproj/Main.strings; sourceTree = "<group>"; };
		2684DCB12B5140E500AB4A7F /* ru */ = {isa = PBXFileReference; lastKnownFileType = text.plist.strings; name = ru; path = ru.lproj/LaunchScreen.strings; sourceTree = "<group>"; };
		2684DCB22B5140E500AB4A7F /* ru */ = {isa = PBXFileReference; lastKnownFileType = text.plist.stringsdict; name = ru; path = ru.lproj/number_of_days.stringsdict; sourceTree = "<group>"; };
		2684DCB62B5569B400AB4A7F /* ru */ = {isa = PBXFileReference; lastKnownFileType = text.plist.strings; name = ru; path = ru.lproj/Localizable.strings; sourceTree = "<group>"; };
		2684DCB82B5569BE00AB4A7F /* en */ = {isa = PBXFileReference; lastKnownFileType = text.plist.strings; name = en; path = en.lproj/Localizable.strings; sourceTree = "<group>"; };
		2684DCBD2B557B8900AB4A7F /* es */ = {isa = PBXFileReference; lastKnownFileType = text.plist.strings; name = es; path = es.lproj/Main.strings; sourceTree = "<group>"; };
		2684DCBE2B557B8900AB4A7F /* es */ = {isa = PBXFileReference; lastKnownFileType = text.plist.strings; name = es; path = es.lproj/LaunchScreen.strings; sourceTree = "<group>"; };
		2684DCBF2B557B8A00AB4A7F /* es */ = {isa = PBXFileReference; lastKnownFileType = text.plist.stringsdict; name = es; path = es.lproj/number_of_days.stringsdict; sourceTree = "<group>"; };
		2684DCC02B557B8A00AB4A7F /* es */ = {isa = PBXFileReference; lastKnownFileType = text.plist.strings; name = es; path = es.lproj/Localizable.strings; sourceTree = "<group>"; };
		2684DCD62B57F36200AB4A7F /* FiltersViewController.swift */ = {isa = PBXFileReference; lastKnownFileType = sourcecode.swift; path = FiltersViewController.swift; sourceTree = "<group>"; };
		2684DCD82B57F77700AB4A7F /* FiltersTableViewCell.swift */ = {isa = PBXFileReference; lastKnownFileType = sourcecode.swift; path = FiltersTableViewCell.swift; sourceTree = "<group>"; };
		2684DCEE2B581BA500AB4A7F /* AnalyticsService.swift */ = {isa = PBXFileReference; lastKnownFileType = sourcecode.swift; path = AnalyticsService.swift; sourceTree = "<group>"; };
		2684DCFD2B59537A00AB4A7F /* CustomView.swift */ = {isa = PBXFileReference; lastKnownFileType = sourcecode.swift; path = CustomView.swift; sourceTree = "<group>"; };
		2684DD032B59641200AB4A7F /* Date.swift */ = {isa = PBXFileReference; lastKnownFileType = sourcecode.swift; path = Date.swift; sourceTree = "<group>"; };
		269A22442B4E958B0094974E /* OnboardingViewControllerBase.swift */ = {isa = PBXFileReference; lastKnownFileType = sourcecode.swift; path = OnboardingViewControllerBase.swift; sourceTree = "<group>"; };
		26AF27492B3215680076B228 /* UIColor.swift */ = {isa = PBXFileReference; lastKnownFileType = sourcecode.swift; path = UIColor.swift; sourceTree = "<group>"; };
		42C6B034C1B7E0802EA94A12 /* Pods-Tracker.debug.xcconfig */ = {isa = PBXFileReference; includeInIndex = 1; lastKnownFileType = text.xcconfig; name = "Pods-Tracker.debug.xcconfig"; path = "Target Support Files/Pods-Tracker/Pods-Tracker.debug.xcconfig"; sourceTree = "<group>"; };
		A4E0350F751BA7B7DD37A227 /* Pods_Tracker.framework */ = {isa = PBXFileReference; explicitFileType = wrapper.framework; includeInIndex = 0; path = Pods_Tracker.framework; sourceTree = BUILT_PRODUCTS_DIR; };
		B93DB88FC6FD5B330B1E3756 /* Pods-TrackerTests.debug.xcconfig */ = {isa = PBXFileReference; includeInIndex = 1; lastKnownFileType = text.xcconfig; name = "Pods-TrackerTests.debug.xcconfig"; path = "Target Support Files/Pods-TrackerTests/Pods-TrackerTests.debug.xcconfig"; sourceTree = "<group>"; };
		DB8CD165BFDC700E33BAC4E6 /* Pods-Tracker.release.xcconfig */ = {isa = PBXFileReference; includeInIndex = 1; lastKnownFileType = text.xcconfig; name = "Pods-Tracker.release.xcconfig"; path = "Target Support Files/Pods-Tracker/Pods-Tracker.release.xcconfig"; sourceTree = "<group>"; };
/* End PBXFileReference section */

/* Begin PBXFrameworksBuildPhase section */
		266FD66C2B6120F900F12577 /* Frameworks */ = {
			isa = PBXFrameworksBuildPhase;
			buildActionMask = 2147483647;
			files = (
				266FD67A2B6121FB00F12577 /* InlineSnapshotTesting in Frameworks */,
				266FD67C2B6121FB00F12577 /* SnapshotTesting in Frameworks */,
			);
			runOnlyForDeploymentPostprocessing = 0;
		};
		2678DE952B11F1EF0037A7FF /* Frameworks */ = {
			isa = PBXFrameworksBuildPhase;
			buildActionMask = 2147483647;
			files = (
				4B38CCE163C60862B5385C08 /* Pods_Tracker.framework in Frameworks */,
			);
			runOnlyForDeploymentPostprocessing = 0;
		};
/* End PBXFrameworksBuildPhase section */

/* Begin PBXGroup section */
		261999192B136907006741B5 /* Models */ = {
			isa = PBXGroup;
			children = (
				2619991A2B136911006741B5 /* Tracker.swift */,
				2619991C2B13698F006741B5 /* TrackerCategory.swift */,
				2619991E2B1369C9006741B5 /* TrackerRecord.swift */,
				2653A2B62B139EAF006B92A5 /* Collection Parameters.swift */,
				2653A2CA2B1FA856006B92A5 /* SettingOptions.swift */,
				2653A2CC2B1FA88E006B92A5 /* SwitchOptions.swift */,
				2653A2CE2B1FA8A5006B92A5 /* WeekDays.swift */,
			);
			path = Models;
			sourceTree = "<group>";
		};
		2653A3092B289CD3006B92A5 /* CoreData */ = {
			isa = PBXGroup;
			children = (
				266FD6442B60F41400F12577 /* TrackerRecordCoreData+CoreDataClass.swift */,
				266FD6452B60F41400F12577 /* TrackerRecordCoreData+CoreDataProperties.swift */,
				266FD6462B60F41400F12577 /* TrackerCoreData+CoreDataClass.swift */,
				266FD6472B60F41400F12577 /* TrackerCoreData+CoreDataProperties.swift */,
				266FD6482B60F41400F12577 /* TrackerCategoryCoreData+CoreDataClass.swift */,
				266FD6492B60F41400F12577 /* TrackerCategoryCoreData+CoreDataProperties.swift */,
				2653A30A2B289CE3006B92A5 /* TrackerStore.swift */,
				2653A30C2B289CEE006B92A5 /* TrackerCategoryStore.swift */,
				2653A30E2B289CF7006B92A5 /* TrackerRecordStore.swift */,
				2653A3022B28864E006B92A5 /* DaysValueTransformer.swift */,
			);
			path = CoreData;
			sourceTree = "<group>";
		};
		266FD6702B6120F900F12577 /* TrackerTests */ = {
			isa = PBXGroup;
			children = (
				266FD6712B6120F900F12577 /* TrackerTests.swift */,
			);
			path = TrackerTests;
			sourceTree = "<group>";
		};
		2678DE8F2B11F1EF0037A7FF = {
			isa = PBXGroup;
			children = (
				2684DCED2B581B8D00AB4A7F /* Analytics */,
				26AF27482B3215580076B228 /* Extensions */,
				2653A3092B289CD3006B92A5 /* CoreData */,
				261999192B136907006741B5 /* Models */,
				269A22412B4E94B70094974E /* Components */,
				269A22462B4E9E590094974E /* Modules */,
				2678DE9B2B11F1EF0037A7FF /* AppDelegate.swift */,
				2684DC982B50332A00AB4A7F /* Resources */,
				2678DE9D2B11F1EF0037A7FF /* SceneDelegate.swift */,
				2678DEA12B11F1EF0037A7FF /* Main.storyboard */,
				2678DEA62B11F1F10037A7FF /* LaunchScreen.storyboard */,
				2653A2FF2B2883B0006B92A5 /* Tracker.xcdatamodeld */,
				2678DEA92B11F1F10037A7FF /* Info.plist */,
				266FD6702B6120F900F12577 /* TrackerTests */,
				2678DE992B11F1EF0037A7FF /* Products */,
				38D4D2D161A55FB9BF440EA7 /* Pods */,
				27114C2CFE054E1499AA3396 /* Frameworks */,
			);
			sourceTree = "<group>";
		};
		2678DE992B11F1EF0037A7FF /* Products */ = {
			isa = PBXGroup;
			children = (
				2678DE982B11F1EF0037A7FF /* Tracker.app */,
				266FD66F2B6120F900F12577 /* TrackerTests.xctest */,
			);
			name = Products;
			sourceTree = "<group>";
		};
		2684DC982B50332A00AB4A7F /* Resources */ = {
			isa = PBXGroup;
			children = (
				2684DCBA2B557A4600AB4A7F /* Localization */,
				2678DEA42B11F1F10037A7FF /* Assets.xcassets */,
				2678DEAF2B11FF590037A7FF /* YS Display-Bold.ttf */,
			);
			path = Resources;
			sourceTree = "<group>";
		};
		2684DCBA2B557A4600AB4A7F /* Localization */ = {
			isa = PBXGroup;
			children = (
				2684DCBC2B557A5E00AB4A7F /* FromLocalizers */,
				2684DCBB2B557A5A00AB4A7F /* ForLocalizers */,
				2684DCB72B5569B400AB4A7F /* Localizable.strings */,
			);
			path = Localization;
			sourceTree = "<group>";
		};
		2684DCBB2B557A5A00AB4A7F /* ForLocalizers */ = {
			isa = PBXGroup;
			children = (
			);
			path = ForLocalizers;
			sourceTree = "<group>";
		};
		2684DCBC2B557A5E00AB4A7F /* FromLocalizers */ = {
			isa = PBXGroup;
			children = (
			);
			path = FromLocalizers;
			sourceTree = "<group>";
		};
		2684DCD52B57F34600AB4A7F /* Filters */ = {
			isa = PBXGroup;
			children = (
				2684DCD62B57F36200AB4A7F /* FiltersViewController.swift */,
				2684DCD82B57F77700AB4A7F /* FiltersTableViewCell.swift */,
			);
			path = Filters;
			sourceTree = "<group>";
		};
		2684DCDA2B580AB300AB4A7F /* Statistics */ = {
			isa = PBXGroup;
			children = (
				2653A2B02B1382E4006B92A5 /* StatisticsViewController.swift */,
			);
			path = Statistics;
			sourceTree = "<group>";
		};
		2684DCED2B581B8D00AB4A7F /* Analytics */ = {
			isa = PBXGroup;
			children = (
				2684DCEE2B581BA500AB4A7F /* AnalyticsService.swift */,
			);
			path = Analytics;
			sourceTree = "<group>";
		};
		269A22412B4E94B70094974E /* Components */ = {
			isa = PBXGroup;
			children = (
				262C06022B3968BA006FB716 /* CustomButton.swift */,
				2684DCFD2B59537A00AB4A7F /* CustomView.swift */,
			);
			path = Components;
			sourceTree = "<group>";
		};
		269A22462B4E9E590094974E /* Modules */ = {
			isa = PBXGroup;
			children = (
				2684DCDA2B580AB300AB4A7F /* Statistics */,
				2684DCD52B57F34600AB4A7F /* Filters */,
				269A224D2B4E9F160094974E /* Category */,
				269A224C2B4E9EF50094974E /* Onboarding */,
				269A224B2B4E9EDE0094974E /* SetSchedule */,
				269A224A2B4E9EC60094974E /* TabBar */,
				269A22482B4E9E890094974E /* CreateNewHabit */,
				269A22472B4E9E690094974E /* TrackersList */,
			);
			path = Modules;
			sourceTree = "<group>";
		};
		269A22472B4E9E690094974E /* TrackersList */ = {
			isa = PBXGroup;
			children = (
				261999202B136A62006741B5 /* TrackersViewController.swift */,
				269A22502B4E9FAC0094974E /* Views */,
			);
			path = TrackersList;
			sourceTree = "<group>";
		};
		269A22482B4E9E890094974E /* CreateNewHabit */ = {
			isa = PBXGroup;
			children = (
				2653A2BC2B1E4563006B92A5 /* CreateTrackerViewController.swift */,
				2653A2BE2B1F123F006B92A5 /* CreateNewHabitViewController.swift */,
				269A224F2B4E9F970094974E /* Views */,
			);
			path = CreateNewHabit;
			sourceTree = "<group>";
		};
		269A224A2B4E9EC60094974E /* TabBar */ = {
			isa = PBXGroup;
			children = (
				2653A2AE2B1382B3006B92A5 /* TabBarViewController.swift */,
			);
			path = TabBar;
			sourceTree = "<group>";
		};
		269A224B2B4E9EDE0094974E /* SetSchedule */ = {
			isa = PBXGroup;
			children = (
				2653A2C42B1F26A7006B92A5 /* SetScheduleViewController.swift */,
				269A224E2B4E9F880094974E /* Views */,
			);
			path = SetSchedule;
			sourceTree = "<group>";
		};
		269A224C2B4E9EF50094974E /* Onboarding */ = {
			isa = PBXGroup;
			children = (
				262C06262B399761006FB716 /* OnboardingViewController.swift */,
				269A22442B4E958B0094974E /* OnboardingViewControllerBase.swift */,
			);
			path = Onboarding;
			sourceTree = "<group>";
		};
		269A224D2B4E9F160094974E /* Category */ = {
			isa = PBXGroup;
			children = (
				2653A2D62B21EC64006B92A5 /* CategoriesTableViewCell.swift */,
				2653A2D42B20F638006B92A5 /* CreateNewCategoryViewController.swift */,
				2653A2C82B1F69EB006B92A5 /* SetCategoryViewController.swift */,
				262C062A2B3B0C00006FB716 /* SetCategoryViewModel.swift */,
			);
			path = Category;
			sourceTree = "<group>";
		};
		269A224E2B4E9F880094974E /* Views */ = {
			isa = PBXGroup;
			children = (
				2653A2C62B1F299F006B92A5 /* WeekDaysSwitchTableViewCell.swift */,
			);
			path = Views;
			sourceTree = "<group>";
		};
		269A224F2B4E9F970094974E /* Views */ = {
			isa = PBXGroup;
			children = (
				2653A2C22B1F240A006B92A5 /* SettingTableViewCell.swift */,
				2653A2D22B208E84006B92A5 /* EmojisCollectionHeaderView.swift */,
				2653A2D02B207DB8006B92A5 /* EmojisCollectionViewCell.swift */,
				2653A2DA2B286129006B92A5 /* ColoursCollectionHeaderView.swift */,
				2653A2D82B2860F1006B92A5 /* ColoursCollectionViewCell.swift */,
			);
			path = Views;
			sourceTree = "<group>";
		};
		269A22502B4E9FAC0094974E /* Views */ = {
			isa = PBXGroup;
			children = (
				2684DCAF2B5140B600AB4A7F /* number_of_days.stringsdict */,
				2653A2BA2B139FB3006B92A5 /* TrackerCollectionViewHeader.swift */,
				2653A2B82B139F5F006B92A5 /* TrackerCollectionViewCell.swift */,
			);
			path = Views;
			sourceTree = "<group>";
		};
		26AF27482B3215580076B228 /* Extensions */ = {
			isa = PBXGroup;
			children = (
				26AF27492B3215680076B228 /* UIColor.swift */,
				2684DD032B59641200AB4A7F /* Date.swift */,
			);
			path = Extensions;
			sourceTree = "<group>";
		};
		27114C2CFE054E1499AA3396 /* Frameworks */ = {
			isa = PBXGroup;
			children = (
				A4E0350F751BA7B7DD37A227 /* Pods_Tracker.framework */,
				053CF568248AD3069E1ACD2F /* Pods_TrackerTests.framework */,
			);
			name = Frameworks;
			sourceTree = "<group>";
		};
		38D4D2D161A55FB9BF440EA7 /* Pods */ = {
			isa = PBXGroup;
			children = (
				42C6B034C1B7E0802EA94A12 /* Pods-Tracker.debug.xcconfig */,
				DB8CD165BFDC700E33BAC4E6 /* Pods-Tracker.release.xcconfig */,
				B93DB88FC6FD5B330B1E3756 /* Pods-TrackerTests.debug.xcconfig */,
				1D96BD2697AD05A9CA168E6E /* Pods-TrackerTests.release.xcconfig */,
			);
			path = Pods;
			sourceTree = "<group>";
		};
/* End PBXGroup section */

/* Begin PBXNativeTarget section */
		266FD66E2B6120F900F12577 /* TrackerTests */ = {
			isa = PBXNativeTarget;
			buildConfigurationList = 266FD6752B6120F900F12577 /* Build configuration list for PBXNativeTarget "TrackerTests" */;
			buildPhases = (
				266FD66B2B6120F900F12577 /* Sources */,
				266FD66C2B6120F900F12577 /* Frameworks */,
				266FD66D2B6120F900F12577 /* Resources */,
			);
			buildRules = (
			);
			dependencies = (
				266FD6742B6120F900F12577 /* PBXTargetDependency */,
			);
			name = TrackerTests;
			packageProductDependencies = (
				266FD6792B6121FB00F12577 /* InlineSnapshotTesting */,
				266FD67B2B6121FB00F12577 /* SnapshotTesting */,
			);
			productName = TrackerTests;
			productReference = 266FD66F2B6120F900F12577 /* TrackerTests.xctest */;
			productType = "com.apple.product-type.bundle.unit-test";
		};
		2678DE972B11F1EF0037A7FF /* Tracker */ = {
			isa = PBXNativeTarget;
			buildConfigurationList = 2678DEAC2B11F1F10037A7FF /* Build configuration list for PBXNativeTarget "Tracker" */;
			buildPhases = (
				D52A31312A2EE53BD67C61BB /* [CP] Check Pods Manifest.lock */,
				2678DE942B11F1EF0037A7FF /* Sources */,
				2678DE952B11F1EF0037A7FF /* Frameworks */,
				2678DE962B11F1EF0037A7FF /* Resources */,
				1AA7C6A0F8DBA9714DDCD932 /* [CP] Embed Pods Frameworks */,
			);
			buildRules = (
			);
			dependencies = (
			);
			name = Tracker;
			productName = Tracker;
			productReference = 2678DE982B11F1EF0037A7FF /* Tracker.app */;
			productType = "com.apple.product-type.application";
		};
/* End PBXNativeTarget section */

/* Begin PBXProject section */
		2678DE902B11F1EF0037A7FF /* Project object */ = {
			isa = PBXProject;
			attributes = {
				BuildIndependentTargetsInParallel = 1;
				LastSwiftUpdateCheck = 1520;
				LastUpgradeCheck = 1520;
				TargetAttributes = {
					266FD66E2B6120F900F12577 = {
						CreatedOnToolsVersion = 15.2;
						TestTargetID = 2678DE972B11F1EF0037A7FF;
					};
					2678DE972B11F1EF0037A7FF = {
						CreatedOnToolsVersion = 14.2;
					};
				};
			};
			buildConfigurationList = 2678DE932B11F1EF0037A7FF /* Build configuration list for PBXProject "Tracker" */;
			compatibilityVersion = "Xcode 14.0";
			developmentRegion = en;
			hasScannedForEncodings = 0;
			knownRegions = (
				en,
				Base,
				ru,
				es,
			);
			mainGroup = 2678DE8F2B11F1EF0037A7FF;
			packageReferences = (
				266FD6782B6121FB00F12577 /* XCRemoteSwiftPackageReference "swift-snapshot-testing" */,
			);
			productRefGroup = 2678DE992B11F1EF0037A7FF /* Products */;
			projectDirPath = "";
			projectRoot = "";
			targets = (
				2678DE972B11F1EF0037A7FF /* Tracker */,
				266FD66E2B6120F900F12577 /* TrackerTests */,
			);
		};
/* End PBXProject section */

/* Begin PBXResourcesBuildPhase section */
		266FD66D2B6120F900F12577 /* Resources */ = {
			isa = PBXResourcesBuildPhase;
			buildActionMask = 2147483647;
			files = (
			);
			runOnlyForDeploymentPostprocessing = 0;
		};
		2678DE962B11F1EF0037A7FF /* Resources */ = {
			isa = PBXResourcesBuildPhase;
			buildActionMask = 2147483647;
			files = (
				2684DCB52B5569B400AB4A7F /* Localizable.strings in Resources */,
				2678DEA82B11F1F10037A7FF /* LaunchScreen.storyboard in Resources */,
				2684DCAD2B5140B600AB4A7F /* number_of_days.stringsdict in Resources */,
				2678DEA52B11F1F10037A7FF /* Assets.xcassets in Resources */,
				2678DEA32B11F1EF0037A7FF /* Main.storyboard in Resources */,
			);
			runOnlyForDeploymentPostprocessing = 0;
		};
/* End PBXResourcesBuildPhase section */

/* Begin PBXShellScriptBuildPhase section */
		1AA7C6A0F8DBA9714DDCD932 /* [CP] Embed Pods Frameworks */ = {
			isa = PBXShellScriptBuildPhase;
			buildActionMask = 2147483647;
			files = (
			);
			inputFileListPaths = (
				"${PODS_ROOT}/Target Support Files/Pods-Tracker/Pods-Tracker-frameworks-${CONFIGURATION}-input-files.xcfilelist",
			);
			name = "[CP] Embed Pods Frameworks";
			outputFileListPaths = (
				"${PODS_ROOT}/Target Support Files/Pods-Tracker/Pods-Tracker-frameworks-${CONFIGURATION}-output-files.xcfilelist",
			);
			runOnlyForDeploymentPostprocessing = 0;
			shellPath = /bin/sh;
			shellScript = "\"${PODS_ROOT}/Target Support Files/Pods-Tracker/Pods-Tracker-frameworks.sh\"\n";
			showEnvVarsInLog = 0;
		};
		D52A31312A2EE53BD67C61BB /* [CP] Check Pods Manifest.lock */ = {
			isa = PBXShellScriptBuildPhase;
			buildActionMask = 2147483647;
			files = (
			);
			inputFileListPaths = (
			);
			inputPaths = (
				"${PODS_PODFILE_DIR_PATH}/Podfile.lock",
				"${PODS_ROOT}/Manifest.lock",
			);
			name = "[CP] Check Pods Manifest.lock";
			outputFileListPaths = (
			);
			outputPaths = (
				"$(DERIVED_FILE_DIR)/Pods-Tracker-checkManifestLockResult.txt",
			);
			runOnlyForDeploymentPostprocessing = 0;
			shellPath = /bin/sh;
			shellScript = "diff \"${PODS_PODFILE_DIR_PATH}/Podfile.lock\" \"${PODS_ROOT}/Manifest.lock\" > /dev/null\nif [ $? != 0 ] ; then\n    # print error to STDERR\n    echo \"error: The sandbox is not in sync with the Podfile.lock. Run 'pod install' or update your CocoaPods installation.\" >&2\n    exit 1\nfi\n# This output is used by Xcode 'outputs' to avoid re-running this script phase.\necho \"SUCCESS\" > \"${SCRIPT_OUTPUT_FILE_0}\"\n";
			showEnvVarsInLog = 0;
		};
/* End PBXShellScriptBuildPhase section */

/* Begin PBXSourcesBuildPhase section */
		266FD66B2B6120F900F12577 /* Sources */ = {
			isa = PBXSourcesBuildPhase;
			buildActionMask = 2147483647;
			files = (
				266FD6722B6120F900F12577 /* TrackerTests.swift in Sources */,
			);
			runOnlyForDeploymentPostprocessing = 0;
		};
		2678DE942B11F1EF0037A7FF /* Sources */ = {
			isa = PBXSourcesBuildPhase;
			buildActionMask = 2147483647;
			files = (
				2653A2AF2B1382B3006B92A5 /* TabBarViewController.swift in Sources */,
				2619991B2B136911006741B5 /* Tracker.swift in Sources */,
				2653A2D12B207DB9006B92A5 /* EmojisCollectionViewCell.swift in Sources */,
				2653A2D52B20F638006B92A5 /* CreateNewCategoryViewController.swift in Sources */,
				2653A2CF2B1FA8A5006B92A5 /* WeekDays.swift in Sources */,
				2653A2BF2B1F123F006B92A5 /* CreateNewHabitViewController.swift in Sources */,
				261999212B136A62006741B5 /* TrackersViewController.swift in Sources */,
				2653A2DB2B286129006B92A5 /* ColoursCollectionHeaderView.swift in Sources */,
				2684DCEF2B581BA500AB4A7F /* AnalyticsService.swift in Sources */,
				2653A2CD2B1FA88E006B92A5 /* SwitchOptions.swift in Sources */,
				2653A2C92B1F69EB006B92A5 /* SetCategoryViewController.swift in Sources */,
				2653A30F2B289CF7006B92A5 /* TrackerRecordStore.swift in Sources */,
				266FD64F2B60F41400F12577 /* TrackerCategoryCoreData+CoreDataProperties.swift in Sources */,
				2653A2D92B2860F1006B92A5 /* ColoursCollectionViewCell.swift in Sources */,
				2653A2C32B1F240A006B92A5 /* SettingTableViewCell.swift in Sources */,
				2653A3032B28864E006B92A5 /* DaysValueTransformer.swift in Sources */,
				262C06032B396BAC006FB716 /* CustomButton.swift in Sources */,
				2653A30B2B289CE3006B92A5 /* TrackerStore.swift in Sources */,
				266FD64D2B60F41400F12577 /* TrackerCoreData+CoreDataProperties.swift in Sources */,
				2678DE9C2B11F1EF0037A7FF /* AppDelegate.swift in Sources */,
				2653A2CB2B1FA856006B92A5 /* SettingOptions.swift in Sources */,
				2684DCD92B57F77700AB4A7F /* FiltersTableViewCell.swift in Sources */,
				2653A2B92B139F5F006B92A5 /* TrackerCollectionViewCell.swift in Sources */,
				26AF274A2B3215680076B228 /* UIColor.swift in Sources */,
				266FD64E2B60F41400F12577 /* TrackerCategoryCoreData+CoreDataClass.swift in Sources */,
				2678DE9E2B11F1EF0037A7FF /* SceneDelegate.swift in Sources */,
				2653A2B72B139EAF006B92A5 /* Collection Parameters.swift in Sources */,
				262C062B2B3B0C00006FB716 /* SetCategoryViewModel.swift in Sources */,
				2684DCFE2B59537A00AB4A7F /* CustomView.swift in Sources */,
				266FD64A2B60F41400F12577 /* TrackerRecordCoreData+CoreDataClass.swift in Sources */,
				266FD64B2B60F41400F12577 /* TrackerRecordCoreData+CoreDataProperties.swift in Sources */,
				2653A2C52B1F26A7006B92A5 /* SetScheduleViewController.swift in Sources */,
				2653A2BB2B139FB3006B92A5 /* TrackerCollectionViewHeader.swift in Sources */,
				2653A2B12B1382E4006B92A5 /* StatisticsViewController.swift in Sources */,
				2684DCD72B57F36200AB4A7F /* FiltersViewController.swift in Sources */,
				2653A2D72B21EC64006B92A5 /* CategoriesTableViewCell.swift in Sources */,
				2684DD042B59641200AB4A7F /* Date.swift in Sources */,
				2653A30D2B289CEE006B92A5 /* TrackerCategoryStore.swift in Sources */,
				262C06272B399761006FB716 /* OnboardingViewController.swift in Sources */,
				2653A2D32B208E84006B92A5 /* EmojisCollectionHeaderView.swift in Sources */,
				2653A2C72B1F299F006B92A5 /* WeekDaysSwitchTableViewCell.swift in Sources */,
				2653A3012B2883B0006B92A5 /* Tracker.xcdatamodeld in Sources */,
				2653A2BD2B1E4563006B92A5 /* CreateTrackerViewController.swift in Sources */,
				2619991D2B13698F006741B5 /* TrackerCategory.swift in Sources */,
				2619991F2B1369C9006741B5 /* TrackerRecord.swift in Sources */,
				269A22452B4E958B0094974E /* OnboardingViewControllerBase.swift in Sources */,
				266FD64C2B60F41400F12577 /* TrackerCoreData+CoreDataClass.swift in Sources */,
			);
			runOnlyForDeploymentPostprocessing = 0;
		};
/* End PBXSourcesBuildPhase section */

/* Begin PBXTargetDependency section */
		266FD6742B6120F900F12577 /* PBXTargetDependency */ = {
			isa = PBXTargetDependency;
			target = 2678DE972B11F1EF0037A7FF /* Tracker */;
			targetProxy = 266FD6732B6120F900F12577 /* PBXContainerItemProxy */;
		};
/* End PBXTargetDependency section */

/* Begin PBXVariantGroup section */
		2678DEA12B11F1EF0037A7FF /* Main.storyboard */ = {
			isa = PBXVariantGroup;
			children = (
				2678DEA22B11F1EF0037A7FF /* Base */,
				2684DCB02B5140E400AB4A7F /* ru */,
				2684DCBD2B557B8900AB4A7F /* es */,
			);
			name = Main.storyboard;
			sourceTree = "<group>";
		};
		2678DEA62B11F1F10037A7FF /* LaunchScreen.storyboard */ = {
			isa = PBXVariantGroup;
			children = (
				2678DEA72B11F1F10037A7FF /* Base */,
				2684DCB12B5140E500AB4A7F /* ru */,
				2684DCBE2B557B8900AB4A7F /* es */,
			);
			name = LaunchScreen.storyboard;
			sourceTree = "<group>";
		};
		2684DCAF2B5140B600AB4A7F /* number_of_days.stringsdict */ = {
			isa = PBXVariantGroup;
			children = (
				2684DCAE2B5140B600AB4A7F /* en */,
				2684DCB22B5140E500AB4A7F /* ru */,
				2684DCBF2B557B8A00AB4A7F /* es */,
			);
			name = number_of_days.stringsdict;
			sourceTree = "<group>";
		};
		2684DCB72B5569B400AB4A7F /* Localizable.strings */ = {
			isa = PBXVariantGroup;
			children = (
				2684DCB62B5569B400AB4A7F /* ru */,
				2684DCB82B5569BE00AB4A7F /* en */,
				2684DCC02B557B8A00AB4A7F /* es */,
			);
			name = Localizable.strings;
			sourceTree = "<group>";
		};
/* End PBXVariantGroup section */

/* Begin XCBuildConfiguration section */
		266FD6762B6120F900F12577 /* Debug */ = {
			isa = XCBuildConfiguration;
			buildSettings = {
				BUNDLE_LOADER = "$(TEST_HOST)";
				CODE_SIGN_STYLE = Automatic;
				CURRENT_PROJECT_VERSION = 1;
				DEVELOPMENT_TEAM = H47RMLWCVY;
				ENABLE_USER_SCRIPT_SANDBOXING = YES;
				GCC_C_LANGUAGE_STANDARD = gnu17;
				GENERATE_INFOPLIST_FILE = YES;
				IPHONEOS_DEPLOYMENT_TARGET = 17.2;
				LOCALIZATION_PREFERS_STRING_CATALOGS = YES;
				MARKETING_VERSION = 1.0;
				PRODUCT_BUNDLE_IDENTIFIER = ru.answerpro.u.lukash.TrackerTests;
				PRODUCT_NAME = "$(TARGET_NAME)";
				SWIFT_ACTIVE_COMPILATION_CONDITIONS = "DEBUG $(inherited)";
				SWIFT_EMIT_LOC_STRINGS = NO;
				SWIFT_VERSION = 5.0;
				TARGETED_DEVICE_FAMILY = "1,2";
				TEST_HOST = "$(BUILT_PRODUCTS_DIR)/Tracker.app/$(BUNDLE_EXECUTABLE_FOLDER_PATH)/Tracker";
			};
			name = Debug;
		};
		266FD6772B6120F900F12577 /* Release */ = {
			isa = XCBuildConfiguration;
			buildSettings = {
				BUNDLE_LOADER = "$(TEST_HOST)";
				CODE_SIGN_STYLE = Automatic;
				CURRENT_PROJECT_VERSION = 1;
				DEVELOPMENT_TEAM = H47RMLWCVY;
				ENABLE_USER_SCRIPT_SANDBOXING = YES;
				GCC_C_LANGUAGE_STANDARD = gnu17;
				GENERATE_INFOPLIST_FILE = YES;
				IPHONEOS_DEPLOYMENT_TARGET = 17.2;
				LOCALIZATION_PREFERS_STRING_CATALOGS = YES;
				MARKETING_VERSION = 1.0;
				PRODUCT_BUNDLE_IDENTIFIER = ru.answerpro.u.lukash.TrackerTests;
				PRODUCT_NAME = "$(TARGET_NAME)";
				SWIFT_EMIT_LOC_STRINGS = NO;
				SWIFT_VERSION = 5.0;
				TARGETED_DEVICE_FAMILY = "1,2";
				TEST_HOST = "$(BUILT_PRODUCTS_DIR)/Tracker.app/$(BUNDLE_EXECUTABLE_FOLDER_PATH)/Tracker";
			};
			name = Release;
		};
		2678DEAA2B11F1F10037A7FF /* Debug */ = {
			isa = XCBuildConfiguration;
			buildSettings = {
				ALWAYS_SEARCH_USER_PATHS = NO;
				ASSETCATALOG_COMPILER_GENERATE_SWIFT_ASSET_SYMBOL_EXTENSIONS = YES;
				CLANG_ANALYZER_LOCALIZABILITY_NONLOCALIZED = YES;
				CLANG_ANALYZER_NONNULL = YES;
				CLANG_ANALYZER_NUMBER_OBJECT_CONVERSION = YES_AGGRESSIVE;
				CLANG_CXX_LANGUAGE_STANDARD = "gnu++20";
				CLANG_ENABLE_MODULES = YES;
				CLANG_ENABLE_OBJC_ARC = YES;
				CLANG_ENABLE_OBJC_WEAK = YES;
				CLANG_WARN_BLOCK_CAPTURE_AUTORELEASING = YES;
				CLANG_WARN_BOOL_CONVERSION = YES;
				CLANG_WARN_COMMA = YES;
				CLANG_WARN_CONSTANT_CONVERSION = YES;
				CLANG_WARN_DEPRECATED_OBJC_IMPLEMENTATIONS = YES;
				CLANG_WARN_DIRECT_OBJC_ISA_USAGE = YES_ERROR;
				CLANG_WARN_DOCUMENTATION_COMMENTS = YES;
				CLANG_WARN_EMPTY_BODY = YES;
				CLANG_WARN_ENUM_CONVERSION = YES;
				CLANG_WARN_INFINITE_RECURSION = YES;
				CLANG_WARN_INT_CONVERSION = YES;
				CLANG_WARN_NON_LITERAL_NULL_CONVERSION = YES;
				CLANG_WARN_OBJC_IMPLICIT_RETAIN_SELF = YES;
				CLANG_WARN_OBJC_LITERAL_CONVERSION = YES;
				CLANG_WARN_OBJC_ROOT_CLASS = YES_ERROR;
				CLANG_WARN_QUOTED_INCLUDE_IN_FRAMEWORK_HEADER = YES;
				CLANG_WARN_RANGE_LOOP_ANALYSIS = YES;
				CLANG_WARN_STRICT_PROTOTYPES = YES;
				CLANG_WARN_SUSPICIOUS_MOVE = YES;
				CLANG_WARN_UNGUARDED_AVAILABILITY = YES_AGGRESSIVE;
				CLANG_WARN_UNREACHABLE_CODE = YES;
				CLANG_WARN__DUPLICATE_METHOD_MATCH = YES;
				COPY_PHASE_STRIP = NO;
				DEBUG_INFORMATION_FORMAT = dwarf;
				ENABLE_STRICT_OBJC_MSGSEND = YES;
				ENABLE_TESTABILITY = YES;
				GCC_C_LANGUAGE_STANDARD = gnu11;
				GCC_DYNAMIC_NO_PIC = NO;
				GCC_NO_COMMON_BLOCKS = YES;
				GCC_OPTIMIZATION_LEVEL = 0;
				GCC_PREPROCESSOR_DEFINITIONS = (
					"DEBUG=1",
					"$(inherited)",
				);
				GCC_WARN_64_TO_32_BIT_CONVERSION = YES;
				GCC_WARN_ABOUT_RETURN_TYPE = YES_ERROR;
				GCC_WARN_UNDECLARED_SELECTOR = YES;
				GCC_WARN_UNINITIALIZED_AUTOS = YES_AGGRESSIVE;
				GCC_WARN_UNUSED_FUNCTION = YES;
				GCC_WARN_UNUSED_VARIABLE = YES;
				IPHONEOS_DEPLOYMENT_TARGET = 16.2;
				MTL_ENABLE_DEBUG_INFO = INCLUDE_SOURCE;
				MTL_FAST_MATH = YES;
				ONLY_ACTIVE_ARCH = YES;
				SDKROOT = iphoneos;
				SWIFT_ACTIVE_COMPILATION_CONDITIONS = DEBUG;
				SWIFT_OPTIMIZATION_LEVEL = "-Onone";
			};
			name = Debug;
		};
		2678DEAB2B11F1F10037A7FF /* Release */ = {
			isa = XCBuildConfiguration;
			buildSettings = {
				ALWAYS_SEARCH_USER_PATHS = NO;
				ASSETCATALOG_COMPILER_GENERATE_SWIFT_ASSET_SYMBOL_EXTENSIONS = YES;
				CLANG_ANALYZER_LOCALIZABILITY_NONLOCALIZED = YES;
				CLANG_ANALYZER_NONNULL = YES;
				CLANG_ANALYZER_NUMBER_OBJECT_CONVERSION = YES_AGGRESSIVE;
				CLANG_CXX_LANGUAGE_STANDARD = "gnu++20";
				CLANG_ENABLE_MODULES = YES;
				CLANG_ENABLE_OBJC_ARC = YES;
				CLANG_ENABLE_OBJC_WEAK = YES;
				CLANG_WARN_BLOCK_CAPTURE_AUTORELEASING = YES;
				CLANG_WARN_BOOL_CONVERSION = YES;
				CLANG_WARN_COMMA = YES;
				CLANG_WARN_CONSTANT_CONVERSION = YES;
				CLANG_WARN_DEPRECATED_OBJC_IMPLEMENTATIONS = YES;
				CLANG_WARN_DIRECT_OBJC_ISA_USAGE = YES_ERROR;
				CLANG_WARN_DOCUMENTATION_COMMENTS = YES;
				CLANG_WARN_EMPTY_BODY = YES;
				CLANG_WARN_ENUM_CONVERSION = YES;
				CLANG_WARN_INFINITE_RECURSION = YES;
				CLANG_WARN_INT_CONVERSION = YES;
				CLANG_WARN_NON_LITERAL_NULL_CONVERSION = YES;
				CLANG_WARN_OBJC_IMPLICIT_RETAIN_SELF = YES;
				CLANG_WARN_OBJC_LITERAL_CONVERSION = YES;
				CLANG_WARN_OBJC_ROOT_CLASS = YES_ERROR;
				CLANG_WARN_QUOTED_INCLUDE_IN_FRAMEWORK_HEADER = YES;
				CLANG_WARN_RANGE_LOOP_ANALYSIS = YES;
				CLANG_WARN_STRICT_PROTOTYPES = YES;
				CLANG_WARN_SUSPICIOUS_MOVE = YES;
				CLANG_WARN_UNGUARDED_AVAILABILITY = YES_AGGRESSIVE;
				CLANG_WARN_UNREACHABLE_CODE = YES;
				CLANG_WARN__DUPLICATE_METHOD_MATCH = YES;
				COPY_PHASE_STRIP = NO;
				DEBUG_INFORMATION_FORMAT = "dwarf-with-dsym";
				ENABLE_NS_ASSERTIONS = NO;
				ENABLE_STRICT_OBJC_MSGSEND = YES;
				GCC_C_LANGUAGE_STANDARD = gnu11;
				GCC_NO_COMMON_BLOCKS = YES;
				GCC_WARN_64_TO_32_BIT_CONVERSION = YES;
				GCC_WARN_ABOUT_RETURN_TYPE = YES_ERROR;
				GCC_WARN_UNDECLARED_SELECTOR = YES;
				GCC_WARN_UNINITIALIZED_AUTOS = YES_AGGRESSIVE;
				GCC_WARN_UNUSED_FUNCTION = YES;
				GCC_WARN_UNUSED_VARIABLE = YES;
				IPHONEOS_DEPLOYMENT_TARGET = 16.2;
				MTL_ENABLE_DEBUG_INFO = NO;
				MTL_FAST_MATH = YES;
				SDKROOT = iphoneos;
				SWIFT_COMPILATION_MODE = wholemodule;
				SWIFT_OPTIMIZATION_LEVEL = "-O";
				VALIDATE_PRODUCT = YES;
			};
			name = Release;
		};
		2678DEAD2B11F1F10037A7FF /* Debug */ = {
			isa = XCBuildConfiguration;
			baseConfigurationReference = 42C6B034C1B7E0802EA94A12 /* Pods-Tracker.debug.xcconfig */;
			buildSettings = {
				ASSETCATALOG_COMPILER_APPICON_NAME = AppIcon;
				ASSETCATALOG_COMPILER_GLOBAL_ACCENT_COLOR_NAME = AccentColor;
				CLANG_USE_OPTIMIZATION_PROFILE = NO;
				CODE_SIGN_STYLE = Automatic;
				CURRENT_PROJECT_VERSION = 1;
				DEVELOPMENT_TEAM = H47RMLWCVY;
				GENERATE_INFOPLIST_FILE = YES;
				INFOPLIST_FILE = Info.plist;
				INFOPLIST_KEY_CFBundleDisplayName = Tracker;
				INFOPLIST_KEY_UIApplicationSupportsIndirectInputEvents = YES;
				INFOPLIST_KEY_UILaunchStoryboardName = LaunchScreen;
				INFOPLIST_KEY_UIMainStoryboardFile = Main;
				INFOPLIST_KEY_UIStatusBarStyle = "";
				INFOPLIST_KEY_UISupportedInterfaceOrientations = UIInterfaceOrientationPortrait;
				INFOPLIST_KEY_UISupportedInterfaceOrientations_iPad = "UIInterfaceOrientationLandscapeLeft UIInterfaceOrientationLandscapeRight UIInterfaceOrientationPortrait UIInterfaceOrientationPortraitUpsideDown";
				IPHONEOS_DEPLOYMENT_TARGET = 13.4;
				LD_RUNPATH_SEARCH_PATHS = (
					"$(inherited)",
					"@executable_path/Frameworks",
				);
				MARKETING_VERSION = 1.0;
				PRODUCT_BUNDLE_IDENTIFIER = ru.yandex.ulianalukash.Tracker;
				PRODUCT_NAME = "$(TARGET_NAME)";
				SUPPORTED_PLATFORMS = "iphoneos iphonesimulator";
				SUPPORTS_MACCATALYST = NO;
				SUPPORTS_MAC_DESIGNED_FOR_IPHONE_IPAD = NO;
				SWIFT_EMIT_LOC_STRINGS = YES;
				SWIFT_VERSION = 5.0;
				TARGETED_DEVICE_FAMILY = 1;
			};
			name = Debug;
		};
		2678DEAE2B11F1F10037A7FF /* Release */ = {
			isa = XCBuildConfiguration;
			baseConfigurationReference = DB8CD165BFDC700E33BAC4E6 /* Pods-Tracker.release.xcconfig */;
			buildSettings = {
				ASSETCATALOG_COMPILER_APPICON_NAME = AppIcon;
				ASSETCATALOG_COMPILER_GLOBAL_ACCENT_COLOR_NAME = AccentColor;
				CLANG_USE_OPTIMIZATION_PROFILE = NO;
				CODE_SIGN_STYLE = Automatic;
				CURRENT_PROJECT_VERSION = 1;
				DEVELOPMENT_TEAM = H47RMLWCVY;
				GENERATE_INFOPLIST_FILE = YES;
				INFOPLIST_FILE = Info.plist;
				INFOPLIST_KEY_CFBundleDisplayName = Tracker;
				INFOPLIST_KEY_UIApplicationSupportsIndirectInputEvents = YES;
				INFOPLIST_KEY_UILaunchStoryboardName = LaunchScreen;
				INFOPLIST_KEY_UIMainStoryboardFile = Main;
				INFOPLIST_KEY_UIStatusBarStyle = "";
				INFOPLIST_KEY_UISupportedInterfaceOrientations = UIInterfaceOrientationPortrait;
				INFOPLIST_KEY_UISupportedInterfaceOrientations_iPad = "UIInterfaceOrientationLandscapeLeft UIInterfaceOrientationLandscapeRight UIInterfaceOrientationPortrait UIInterfaceOrientationPortraitUpsideDown";
				IPHONEOS_DEPLOYMENT_TARGET = 13.4;
				LD_RUNPATH_SEARCH_PATHS = (
					"$(inherited)",
					"@executable_path/Frameworks",
				);
				MARKETING_VERSION = 1.0;
				PRODUCT_BUNDLE_IDENTIFIER = ru.yandex.ulianalukash.Tracker;
				PRODUCT_NAME = "$(TARGET_NAME)";
				SUPPORTED_PLATFORMS = "iphoneos iphonesimulator";
				SUPPORTS_MACCATALYST = NO;
				SUPPORTS_MAC_DESIGNED_FOR_IPHONE_IPAD = NO;
				SWIFT_EMIT_LOC_STRINGS = YES;
				SWIFT_VERSION = 5.0;
				TARGETED_DEVICE_FAMILY = 1;
			};
			name = Release;
		};
/* End XCBuildConfiguration section */

/* Begin XCConfigurationList section */
		266FD6752B6120F900F12577 /* Build configuration list for PBXNativeTarget "TrackerTests" */ = {
			isa = XCConfigurationList;
			buildConfigurations = (
				266FD6762B6120F900F12577 /* Debug */,
				266FD6772B6120F900F12577 /* Release */,
			);
			defaultConfigurationIsVisible = 0;
			defaultConfigurationName = Release;
		};
		2678DE932B11F1EF0037A7FF /* Build configuration list for PBXProject "Tracker" */ = {
			isa = XCConfigurationList;
			buildConfigurations = (
				2678DEAA2B11F1F10037A7FF /* Debug */,
				2678DEAB2B11F1F10037A7FF /* Release */,
			);
			defaultConfigurationIsVisible = 0;
			defaultConfigurationName = Release;
		};
		2678DEAC2B11F1F10037A7FF /* Build configuration list for PBXNativeTarget "Tracker" */ = {
			isa = XCConfigurationList;
			buildConfigurations = (
				2678DEAD2B11F1F10037A7FF /* Debug */,
				2678DEAE2B11F1F10037A7FF /* Release */,
			);
			defaultConfigurationIsVisible = 0;
			defaultConfigurationName = Release;
		};
/* End XCConfigurationList section */

/* Begin XCRemoteSwiftPackageReference section */
		266FD6782B6121FB00F12577 /* XCRemoteSwiftPackageReference "swift-snapshot-testing" */ = {
			isa = XCRemoteSwiftPackageReference;
			repositoryURL = "https://github.com/pointfreeco/swift-snapshot-testing";
			requirement = {
				kind = upToNextMajorVersion;
				minimumVersion = 1.15.2;
			};
		};
/* End XCRemoteSwiftPackageReference section */

/* Begin XCSwiftPackageProductDependency section */
		266FD6792B6121FB00F12577 /* InlineSnapshotTesting */ = {
			isa = XCSwiftPackageProductDependency;
			package = 266FD6782B6121FB00F12577 /* XCRemoteSwiftPackageReference "swift-snapshot-testing" */;
			productName = InlineSnapshotTesting;
		};
		266FD67B2B6121FB00F12577 /* SnapshotTesting */ = {
			isa = XCSwiftPackageProductDependency;
			package = 266FD6782B6121FB00F12577 /* XCRemoteSwiftPackageReference "swift-snapshot-testing" */;
			productName = SnapshotTesting;
		};
/* End XCSwiftPackageProductDependency section */

/* Begin XCVersionGroup section */
		2653A2FF2B2883B0006B92A5 /* Tracker.xcdatamodeld */ = {
			isa = XCVersionGroup;
			children = (
				2653A3002B2883B0006B92A5 /* Tracker.xcdatamodel */,
			);
			currentVersion = 2653A3002B2883B0006B92A5 /* Tracker.xcdatamodel */;
			path = Tracker.xcdatamodeld;
			sourceTree = "<group>";
			versionGroupType = wrapper.xcdatamodel;
		};
/* End XCVersionGroup section */
	};
	rootObject = 2678DE902B11F1EF0037A7FF /* Project object */;
}
