// !$*UTF8*$!
{
	archiveVersion = 1;
	classes = {
	};
	objectVersion = 56;
	objects = {

/* Begin PBXBuildFile section */
		2619991B2B136911006741B5 /* Tracker.swift in Sources */ = {isa = PBXBuildFile; fileRef = 2619991A2B136911006741B5 /* Tracker.swift */; };
		2619991D2B13698F006741B5 /* TrackerCategory.swift in Sources */ = {isa = PBXBuildFile; fileRef = 2619991C2B13698F006741B5 /* TrackerCategory.swift */; };
		2619991F2B1369C9006741B5 /* TrackerRecord.swift in Sources */ = {isa = PBXBuildFile; fileRef = 2619991E2B1369C9006741B5 /* TrackerRecord.swift */; };
		261999212B136A62006741B5 /* TrackersViewController.swift in Sources */ = {isa = PBXBuildFile; fileRef = 261999202B136A62006741B5 /* TrackersViewController.swift */; };
		262C06032B396BAC006FB716 /* CustomButton.swift in Sources */ = {isa = PBXBuildFile; fileRef = 262C06022B3968BA006FB716 /* CustomButton.swift */; };
		262C06272B399761006FB716 /* OnboardingViewController.swift in Sources */ = {isa = PBXBuildFile; fileRef = 262C06262B399761006FB716 /* OnboardingViewController.swift */; };
		262C062B2B3B0C00006FB716 /* SetCategoryViewModel.swift in Sources */ = {isa = PBXBuildFile; fileRef = 262C062A2B3B0C00006FB716 /* SetCategoryViewModel.swift */; };
		2653A2AF2B1382B3006B92A5 /* TabBarViewController.swift in Sources */ = {isa = PBXBuildFile; fileRef = 2653A2AE2B1382B3006B92A5 /* TabBarViewController.swift */; };
		2653A2B12B1382E4006B92A5 /* StatisticsViewController.swift in Sources */ = {isa = PBXBuildFile; fileRef = 2653A2B02B1382E4006B92A5 /* StatisticsViewController.swift */; };
		2653A2B72B139EAF006B92A5 /* Collection Parameters.swift in Sources */ = {isa = PBXBuildFile; fileRef = 2653A2B62B139EAF006B92A5 /* Collection Parameters.swift */; };
		2653A2B92B139F5F006B92A5 /* TrackerCollectionViewCell.swift in Sources */ = {isa = PBXBuildFile; fileRef = 2653A2B82B139F5F006B92A5 /* TrackerCollectionViewCell.swift */; };
		2653A2BB2B139FB3006B92A5 /* TrackerCollectionViewHeader.swift in Sources */ = {isa = PBXBuildFile; fileRef = 2653A2BA2B139FB3006B92A5 /* TrackerCollectionViewHeader.swift */; };
		2653A2BD2B1E4563006B92A5 /* CreateTrackerViewController.swift in Sources */ = {isa = PBXBuildFile; fileRef = 2653A2BC2B1E4563006B92A5 /* CreateTrackerViewController.swift */; };
		2653A2BF2B1F123F006B92A5 /* CreateNewHabitViewController.swift in Sources */ = {isa = PBXBuildFile; fileRef = 2653A2BE2B1F123F006B92A5 /* CreateNewHabitViewController.swift */; };
		2653A2C32B1F240A006B92A5 /* SettingTableViewCell.swift in Sources */ = {isa = PBXBuildFile; fileRef = 2653A2C22B1F240A006B92A5 /* SettingTableViewCell.swift */; };
		2653A2C52B1F26A7006B92A5 /* SetScheduleViewController.swift in Sources */ = {isa = PBXBuildFile; fileRef = 2653A2C42B1F26A7006B92A5 /* SetScheduleViewController.swift */; };
		2653A2C72B1F299F006B92A5 /* WeekDaysSwitchTableViewCell.swift in Sources */ = {isa = PBXBuildFile; fileRef = 2653A2C62B1F299F006B92A5 /* WeekDaysSwitchTableViewCell.swift */; };
		2653A2C92B1F69EB006B92A5 /* SetCategoryViewController.swift in Sources */ = {isa = PBXBuildFile; fileRef = 2653A2C82B1F69EB006B92A5 /* SetCategoryViewController.swift */; };
		2653A2CB2B1FA856006B92A5 /* SettingOptions.swift in Sources */ = {isa = PBXBuildFile; fileRef = 2653A2CA2B1FA856006B92A5 /* SettingOptions.swift */; };
		2653A2CD2B1FA88E006B92A5 /* SwitchOptions.swift in Sources */ = {isa = PBXBuildFile; fileRef = 2653A2CC2B1FA88E006B92A5 /* SwitchOptions.swift */; };
		2653A2CF2B1FA8A5006B92A5 /* WeekDays.swift in Sources */ = {isa = PBXBuildFile; fileRef = 2653A2CE2B1FA8A5006B92A5 /* WeekDays.swift */; };
		2653A2D12B207DB9006B92A5 /* EmojisCollectionViewCell.swift in Sources */ = {isa = PBXBuildFile; fileRef = 2653A2D02B207DB8006B92A5 /* EmojisCollectionViewCell.swift */; };
		2653A2D32B208E84006B92A5 /* EmojisCollectionHeaderView.swift in Sources */ = {isa = PBXBuildFile; fileRef = 2653A2D22B208E84006B92A5 /* EmojisCollectionHeaderView.swift */; };
		2653A2D52B20F638006B92A5 /* CreateNewCategoryViewController.swift in Sources */ = {isa = PBXBuildFile; fileRef = 2653A2D42B20F638006B92A5 /* CreateNewCategoryViewController.swift */; };
		2653A2D72B21EC64006B92A5 /* CategoriesTableViewCell.swift in Sources */ = {isa = PBXBuildFile; fileRef = 2653A2D62B21EC64006B92A5 /* CategoriesTableViewCell.swift */; };
		2653A2D92B2860F1006B92A5 /* ColoursCollectionViewCell.swift in Sources */ = {isa = PBXBuildFile; fileRef = 2653A2D82B2860F1006B92A5 /* ColoursCollectionViewCell.swift */; };
		2653A2DB2B286129006B92A5 /* ColoursCollectionHeaderView.swift in Sources */ = {isa = PBXBuildFile; fileRef = 2653A2DA2B286129006B92A5 /* ColoursCollectionHeaderView.swift */; };
		2653A3012B2883B0006B92A5 /* Tracker.xcdatamodeld in Sources */ = {isa = PBXBuildFile; fileRef = 2653A2FF2B2883B0006B92A5 /* Tracker.xcdatamodeld */; };
		2653A3032B28864E006B92A5 /* DaysValueTransformer.swift in Sources */ = {isa = PBXBuildFile; fileRef = 2653A3022B28864E006B92A5 /* DaysValueTransformer.swift */; };
		2653A30B2B289CE3006B92A5 /* TrackerStore.swift in Sources */ = {isa = PBXBuildFile; fileRef = 2653A30A2B289CE3006B92A5 /* TrackerStore.swift */; };
		2653A30D2B289CEE006B92A5 /* TrackerCategoryStore.swift in Sources */ = {isa = PBXBuildFile; fileRef = 2653A30C2B289CEE006B92A5 /* TrackerCategoryStore.swift */; };
		2653A30F2B289CF7006B92A5 /* TrackerRecordStore.swift in Sources */ = {isa = PBXBuildFile; fileRef = 2653A30E2B289CF7006B92A5 /* TrackerRecordStore.swift */; };
		2678DE9C2B11F1EF0037A7FF /* AppDelegate.swift in Sources */ = {isa = PBXBuildFile; fileRef = 2678DE9B2B11F1EF0037A7FF /* AppDelegate.swift */; };
		2678DE9E2B11F1EF0037A7FF /* SceneDelegate.swift in Sources */ = {isa = PBXBuildFile; fileRef = 2678DE9D2B11F1EF0037A7FF /* SceneDelegate.swift */; };
		2678DEA32B11F1EF0037A7FF /* Main.storyboard in Resources */ = {isa = PBXBuildFile; fileRef = 2678DEA12B11F1EF0037A7FF /* Main.storyboard */; };
		2678DEA52B11F1F10037A7FF /* Assets.xcassets in Resources */ = {isa = PBXBuildFile; fileRef = 2678DEA42B11F1F10037A7FF /* Assets.xcassets */; };
		2678DEA82B11F1F10037A7FF /* LaunchScreen.storyboard in Resources */ = {isa = PBXBuildFile; fileRef = 2678DEA62B11F1F10037A7FF /* LaunchScreen.storyboard */; };
		269A22432B4E94CE0094974E /* CustomTextField.swift in Sources */ = {isa = PBXBuildFile; fileRef = 269A22422B4E94CE0094974E /* CustomTextField.swift */; };
		269A22452B4E958B0094974E /* OnboardingViewControllerBase.swift in Sources */ = {isa = PBXBuildFile; fileRef = 269A22442B4E958B0094974E /* OnboardingViewControllerBase.swift */; };
		26AF274A2B3215680076B228 /* UIColor.swift in Sources */ = {isa = PBXBuildFile; fileRef = 26AF27492B3215680076B228 /* UIColor.swift */; };
		26AF27512B3216AD0076B228 /* TrackerCoreData+CoreDataClass.swift in Sources */ = {isa = PBXBuildFile; fileRef = 26AF274B2B3216AC0076B228 /* TrackerCoreData+CoreDataClass.swift */; };
		26AF27522B3216AD0076B228 /* TrackerCoreData+CoreDataProperties.swift in Sources */ = {isa = PBXBuildFile; fileRef = 26AF274C2B3216AC0076B228 /* TrackerCoreData+CoreDataProperties.swift */; };
		26AF27532B3216AD0076B228 /* TrackerCategoryCoreData+CoreDataClass.swift in Sources */ = {isa = PBXBuildFile; fileRef = 26AF274D2B3216AC0076B228 /* TrackerCategoryCoreData+CoreDataClass.swift */; };
		26AF27542B3216AD0076B228 /* TrackerCategoryCoreData+CoreDataProperties.swift in Sources */ = {isa = PBXBuildFile; fileRef = 26AF274E2B3216AC0076B228 /* TrackerCategoryCoreData+CoreDataProperties.swift */; };
		26AF27552B3216AD0076B228 /* TrackerRecordCoreData+CoreDataClass.swift in Sources */ = {isa = PBXBuildFile; fileRef = 26AF274F2B3216AC0076B228 /* TrackerRecordCoreData+CoreDataClass.swift */; };
		26AF27562B3216AD0076B228 /* TrackerRecordCoreData+CoreDataProperties.swift in Sources */ = {isa = PBXBuildFile; fileRef = 26AF27502B3216AD0076B228 /* TrackerRecordCoreData+CoreDataProperties.swift */; };
/* End PBXBuildFile section */

/* Begin PBXFileReference section */
		2619991A2B136911006741B5 /* Tracker.swift */ = {isa = PBXFileReference; lastKnownFileType = sourcecode.swift; path = Tracker.swift; sourceTree = "<group>"; };
		2619991C2B13698F006741B5 /* TrackerCategory.swift */ = {isa = PBXFileReference; lastKnownFileType = sourcecode.swift; path = TrackerCategory.swift; sourceTree = "<group>"; };
		2619991E2B1369C9006741B5 /* TrackerRecord.swift */ = {isa = PBXFileReference; lastKnownFileType = sourcecode.swift; path = TrackerRecord.swift; sourceTree = "<group>"; };
		261999202B136A62006741B5 /* TrackersViewController.swift */ = {isa = PBXFileReference; lastKnownFileType = sourcecode.swift; path = TrackersViewController.swift; sourceTree = "<group>"; };
		262C06022B3968BA006FB716 /* CustomButton.swift */ = {isa = PBXFileReference; lastKnownFileType = sourcecode.swift; path = CustomButton.swift; sourceTree = "<group>"; };
		262C06262B399761006FB716 /* OnboardingViewController.swift */ = {isa = PBXFileReference; lastKnownFileType = sourcecode.swift; path = OnboardingViewController.swift; sourceTree = "<group>"; };
		262C062A2B3B0C00006FB716 /* SetCategoryViewModel.swift */ = {isa = PBXFileReference; lastKnownFileType = sourcecode.swift; path = SetCategoryViewModel.swift; sourceTree = "<group>"; };
		2653A2AE2B1382B3006B92A5 /* TabBarViewController.swift */ = {isa = PBXFileReference; lastKnownFileType = sourcecode.swift; path = TabBarViewController.swift; sourceTree = "<group>"; };
		2653A2B02B1382E4006B92A5 /* StatisticsViewController.swift */ = {isa = PBXFileReference; lastKnownFileType = sourcecode.swift; path = StatisticsViewController.swift; sourceTree = "<group>"; };
		2653A2B62B139EAF006B92A5 /* Collection Parameters.swift */ = {isa = PBXFileReference; lastKnownFileType = sourcecode.swift; path = "Collection Parameters.swift"; sourceTree = "<group>"; };
		2653A2B82B139F5F006B92A5 /* TrackerCollectionViewCell.swift */ = {isa = PBXFileReference; lastKnownFileType = sourcecode.swift; path = TrackerCollectionViewCell.swift; sourceTree = "<group>"; };
		2653A2BA2B139FB3006B92A5 /* TrackerCollectionViewHeader.swift */ = {isa = PBXFileReference; lastKnownFileType = sourcecode.swift; path = TrackerCollectionViewHeader.swift; sourceTree = "<group>"; };
		2653A2BC2B1E4563006B92A5 /* CreateTrackerViewController.swift */ = {isa = PBXFileReference; lastKnownFileType = sourcecode.swift; path = CreateTrackerViewController.swift; sourceTree = "<group>"; };
		2653A2BE2B1F123F006B92A5 /* CreateNewHabitViewController.swift */ = {isa = PBXFileReference; lastKnownFileType = sourcecode.swift; path = CreateNewHabitViewController.swift; sourceTree = "<group>"; };
		2653A2C22B1F240A006B92A5 /* SettingTableViewCell.swift */ = {isa = PBXFileReference; lastKnownFileType = sourcecode.swift; path = SettingTableViewCell.swift; sourceTree = "<group>"; };
		2653A2C42B1F26A7006B92A5 /* SetScheduleViewController.swift */ = {isa = PBXFileReference; lastKnownFileType = sourcecode.swift; path = SetScheduleViewController.swift; sourceTree = "<group>"; };
		2653A2C62B1F299F006B92A5 /* WeekDaysSwitchTableViewCell.swift */ = {isa = PBXFileReference; lastKnownFileType = sourcecode.swift; path = WeekDaysSwitchTableViewCell.swift; sourceTree = "<group>"; };
		2653A2C82B1F69EB006B92A5 /* SetCategoryViewController.swift */ = {isa = PBXFileReference; lastKnownFileType = sourcecode.swift; path = SetCategoryViewController.swift; sourceTree = "<group>"; };
		2653A2CA2B1FA856006B92A5 /* SettingOptions.swift */ = {isa = PBXFileReference; lastKnownFileType = sourcecode.swift; path = SettingOptions.swift; sourceTree = "<group>"; };
		2653A2CC2B1FA88E006B92A5 /* SwitchOptions.swift */ = {isa = PBXFileReference; lastKnownFileType = sourcecode.swift; path = SwitchOptions.swift; sourceTree = "<group>"; };
		2653A2CE2B1FA8A5006B92A5 /* WeekDays.swift */ = {isa = PBXFileReference; lastKnownFileType = sourcecode.swift; path = WeekDays.swift; sourceTree = "<group>"; };
		2653A2D02B207DB8006B92A5 /* EmojisCollectionViewCell.swift */ = {isa = PBXFileReference; lastKnownFileType = sourcecode.swift; path = EmojisCollectionViewCell.swift; sourceTree = "<group>"; };
		2653A2D22B208E84006B92A5 /* EmojisCollectionHeaderView.swift */ = {isa = PBXFileReference; lastKnownFileType = sourcecode.swift; path = EmojisCollectionHeaderView.swift; sourceTree = "<group>"; };
		2653A2D42B20F638006B92A5 /* CreateNewCategoryViewController.swift */ = {isa = PBXFileReference; lastKnownFileType = sourcecode.swift; path = CreateNewCategoryViewController.swift; sourceTree = "<group>"; };
		2653A2D62B21EC64006B92A5 /* CategoriesTableViewCell.swift */ = {isa = PBXFileReference; lastKnownFileType = sourcecode.swift; path = CategoriesTableViewCell.swift; sourceTree = "<group>"; };
		2653A2D82B2860F1006B92A5 /* ColoursCollectionViewCell.swift */ = {isa = PBXFileReference; lastKnownFileType = sourcecode.swift; path = ColoursCollectionViewCell.swift; sourceTree = "<group>"; };
		2653A2DA2B286129006B92A5 /* ColoursCollectionHeaderView.swift */ = {isa = PBXFileReference; lastKnownFileType = sourcecode.swift; path = ColoursCollectionHeaderView.swift; sourceTree = "<group>"; };
		2653A3002B2883B0006B92A5 /* Tracker.xcdatamodel */ = {isa = PBXFileReference; lastKnownFileType = wrapper.xcdatamodel; path = Tracker.xcdatamodel; sourceTree = "<group>"; };
		2653A3022B28864E006B92A5 /* DaysValueTransformer.swift */ = {isa = PBXFileReference; lastKnownFileType = sourcecode.swift; path = DaysValueTransformer.swift; sourceTree = "<group>"; };
		2653A30A2B289CE3006B92A5 /* TrackerStore.swift */ = {isa = PBXFileReference; lastKnownFileType = sourcecode.swift; path = TrackerStore.swift; sourceTree = "<group>"; };
		2653A30C2B289CEE006B92A5 /* TrackerCategoryStore.swift */ = {isa = PBXFileReference; lastKnownFileType = sourcecode.swift; path = TrackerCategoryStore.swift; sourceTree = "<group>"; };
		2653A30E2B289CF7006B92A5 /* TrackerRecordStore.swift */ = {isa = PBXFileReference; lastKnownFileType = sourcecode.swift; path = TrackerRecordStore.swift; sourceTree = "<group>"; };
		2678DE982B11F1EF0037A7FF /* Tracker.app */ = {isa = PBXFileReference; explicitFileType = wrapper.application; includeInIndex = 0; path = Tracker.app; sourceTree = BUILT_PRODUCTS_DIR; };
		2678DE9B2B11F1EF0037A7FF /* AppDelegate.swift */ = {isa = PBXFileReference; lastKnownFileType = sourcecode.swift; path = AppDelegate.swift; sourceTree = "<group>"; };
		2678DE9D2B11F1EF0037A7FF /* SceneDelegate.swift */ = {isa = PBXFileReference; lastKnownFileType = sourcecode.swift; path = SceneDelegate.swift; sourceTree = "<group>"; };
		2678DEA22B11F1EF0037A7FF /* Base */ = {isa = PBXFileReference; lastKnownFileType = file.storyboard; name = Base; path = Base.lproj/Main.storyboard; sourceTree = "<group>"; };
		2678DEA42B11F1F10037A7FF /* Assets.xcassets */ = {isa = PBXFileReference; lastKnownFileType = folder.assetcatalog; path = Assets.xcassets; sourceTree = "<group>"; };
		2678DEA72B11F1F10037A7FF /* Base */ = {isa = PBXFileReference; lastKnownFileType = file.storyboard; name = Base; path = Base.lproj/LaunchScreen.storyboard; sourceTree = "<group>"; };
		2678DEA92B11F1F10037A7FF /* Info.plist */ = {isa = PBXFileReference; lastKnownFileType = text.plist.xml; path = Info.plist; sourceTree = "<group>"; };
		2678DEAF2B11FF590037A7FF /* YS Display-Bold.ttf */ = {isa = PBXFileReference; lastKnownFileType = file; path = "YS Display-Bold.ttf"; sourceTree = "<group>"; };
		269A22422B4E94CE0094974E /* CustomTextField.swift */ = {isa = PBXFileReference; lastKnownFileType = sourcecode.swift; path = CustomTextField.swift; sourceTree = "<group>"; };
		269A22442B4E958B0094974E /* OnboardingViewControllerBase.swift */ = {isa = PBXFileReference; lastKnownFileType = sourcecode.swift; path = OnboardingViewControllerBase.swift; sourceTree = "<group>"; };
		26AF27492B3215680076B228 /* UIColor.swift */ = {isa = PBXFileReference; lastKnownFileType = sourcecode.swift; path = UIColor.swift; sourceTree = "<group>"; };
		26AF274B2B3216AC0076B228 /* TrackerCoreData+CoreDataClass.swift */ = {isa = PBXFileReference; lastKnownFileType = sourcecode.swift; name = "TrackerCoreData+CoreDataClass.swift"; path = "CoreData/TrackerCoreData+CoreDataClass.swift"; sourceTree = "<group>"; };
		26AF274C2B3216AC0076B228 /* TrackerCoreData+CoreDataProperties.swift */ = {isa = PBXFileReference; lastKnownFileType = sourcecode.swift; name = "TrackerCoreData+CoreDataProperties.swift"; path = "CoreData/TrackerCoreData+CoreDataProperties.swift"; sourceTree = "<group>"; };
		26AF274D2B3216AC0076B228 /* TrackerCategoryCoreData+CoreDataClass.swift */ = {isa = PBXFileReference; lastKnownFileType = sourcecode.swift; name = "TrackerCategoryCoreData+CoreDataClass.swift"; path = "CoreData/TrackerCategoryCoreData+CoreDataClass.swift"; sourceTree = "<group>"; };
		26AF274E2B3216AC0076B228 /* TrackerCategoryCoreData+CoreDataProperties.swift */ = {isa = PBXFileReference; lastKnownFileType = sourcecode.swift; name = "TrackerCategoryCoreData+CoreDataProperties.swift"; path = "CoreData/TrackerCategoryCoreData+CoreDataProperties.swift"; sourceTree = "<group>"; };
		26AF274F2B3216AC0076B228 /* TrackerRecordCoreData+CoreDataClass.swift */ = {isa = PBXFileReference; lastKnownFileType = sourcecode.swift; name = "TrackerRecordCoreData+CoreDataClass.swift"; path = "CoreData/TrackerRecordCoreData+CoreDataClass.swift"; sourceTree = "<group>"; };
		26AF27502B3216AD0076B228 /* TrackerRecordCoreData+CoreDataProperties.swift */ = {isa = PBXFileReference; lastKnownFileType = sourcecode.swift; name = "TrackerRecordCoreData+CoreDataProperties.swift"; path = "CoreData/TrackerRecordCoreData+CoreDataProperties.swift"; sourceTree = "<group>"; };
/* End PBXFileReference section */

/* Begin PBXFrameworksBuildPhase section */
		2678DE952B11F1EF0037A7FF /* Frameworks */ = {
			isa = PBXFrameworksBuildPhase;
			buildActionMask = 2147483647;
			files = (
			);
			runOnlyForDeploymentPostprocessing = 0;
		};
/* End PBXFrameworksBuildPhase section */

/* Begin PBXGroup section */
		261999192B136907006741B5 /* Models */ = {
			isa = PBXGroup;
			children = (
				2619991A2B136911006741B5 /* Tracker.swift */,
				2619991C2B13698F006741B5 /* TrackerCategory.swift */,
				2619991E2B1369C9006741B5 /* TrackerRecord.swift */,
				2653A2B62B139EAF006B92A5 /* Collection Parameters.swift */,
				2653A2CA2B1FA856006B92A5 /* SettingOptions.swift */,
				2653A2CC2B1FA88E006B92A5 /* SwitchOptions.swift */,
				2653A2CE2B1FA8A5006B92A5 /* WeekDays.swift */,
			);
			path = Models;
			sourceTree = "<group>";
		};
		2653A2AD2B13829E006B92A5 /* ViewControllers */ = {
			isa = PBXGroup;
			children = (
				261999202B136A62006741B5 /* TrackersViewController.swift */,
				2653A2AE2B1382B3006B92A5 /* TabBarViewController.swift */,
				2653A2B02B1382E4006B92A5 /* StatisticsViewController.swift */,
				2653A2B82B139F5F006B92A5 /* TrackerCollectionViewCell.swift */,
				2653A2BA2B139FB3006B92A5 /* TrackerCollectionViewHeader.swift */,
				2653A2BC2B1E4563006B92A5 /* CreateTrackerViewController.swift */,
				2653A2BE2B1F123F006B92A5 /* CreateNewHabitViewController.swift */,
				2653A2C42B1F26A7006B92A5 /* SetScheduleViewController.swift */,
				2653A2C82B1F69EB006B92A5 /* SetCategoryViewController.swift */,
				2653A2D02B207DB8006B92A5 /* EmojisCollectionViewCell.swift */,
				2653A2D22B208E84006B92A5 /* EmojisCollectionHeaderView.swift */,
				2653A2D42B20F638006B92A5 /* CreateNewCategoryViewController.swift */,
				2653A2D62B21EC64006B92A5 /* CategoriesTableViewCell.swift */,
				2653A2D82B2860F1006B92A5 /* ColoursCollectionViewCell.swift */,
				2653A2DA2B286129006B92A5 /* ColoursCollectionHeaderView.swift */,
				262C06262B399761006FB716 /* OnboardingViewController.swift */,
				269A22442B4E958B0094974E /* OnboardingViewControllerBase.swift */,
			);
			path = ViewControllers;
			sourceTree = "<group>";
		};
		2653A3092B289CD3006B92A5 /* CoreData */ = {
			isa = PBXGroup;
			children = (
				2653A30A2B289CE3006B92A5 /* TrackerStore.swift */,
				2653A30C2B289CEE006B92A5 /* TrackerCategoryStore.swift */,
				2653A30E2B289CF7006B92A5 /* TrackerRecordStore.swift */,
				2653A3022B28864E006B92A5 /* DaysValueTransformer.swift */,
			);
			path = CoreData;
			sourceTree = "<group>";
		};
		2678DE8F2B11F1EF0037A7FF = {
			isa = PBXGroup;
			children = (
				262C062A2B3B0C00006FB716 /* SetCategoryViewModel.swift */,
				26AF274B2B3216AC0076B228 /* TrackerCoreData+CoreDataClass.swift */,
				26AF274C2B3216AC0076B228 /* TrackerCoreData+CoreDataProperties.swift */,
				26AF274D2B3216AC0076B228 /* TrackerCategoryCoreData+CoreDataClass.swift */,
				26AF274E2B3216AC0076B228 /* TrackerCategoryCoreData+CoreDataProperties.swift */,
				26AF274F2B3216AC0076B228 /* TrackerRecordCoreData+CoreDataClass.swift */,
				26AF27502B3216AD0076B228 /* TrackerRecordCoreData+CoreDataProperties.swift */,
				26AF27482B3215580076B228 /* Extensions */,
				2653A3092B289CD3006B92A5 /* CoreData */,
				2653A2AD2B13829E006B92A5 /* ViewControllers */,
				261999192B136907006741B5 /* Models */,
				2678DE9B2B11F1EF0037A7FF /* AppDelegate.swift */,
				269A22412B4E94B70094974E /* Components */,
				2653A2C62B1F299F006B92A5 /* WeekDaysSwitchTableViewCell.swift */,
				2653A2C22B1F240A006B92A5 /* SettingTableViewCell.swift */,
				2678DE9D2B11F1EF0037A7FF /* SceneDelegate.swift */,
				2678DEA12B11F1EF0037A7FF /* Main.storyboard */,
				2678DEA42B11F1F10037A7FF /* Assets.xcassets */,
				2678DEAF2B11FF590037A7FF /* YS Display-Bold.ttf */,
				2678DEA62B11F1F10037A7FF /* LaunchScreen.storyboard */,
				2653A2FF2B2883B0006B92A5 /* Tracker.xcdatamodeld */,
				2678DEA92B11F1F10037A7FF /* Info.plist */,
				2678DE992B11F1EF0037A7FF /* Products */,
			);
			sourceTree = "<group>";
		};
		2678DE992B11F1EF0037A7FF /* Products */ = {
			isa = PBXGroup;
			children = (
				2678DE982B11F1EF0037A7FF /* Tracker.app */,
			);
			name = Products;
			sourceTree = "<group>";
		};
		269A22412B4E94B70094974E /* Components */ = {
			isa = PBXGroup;
			children = (
				262C06022B3968BA006FB716 /* CustomButton.swift */,
				269A22422B4E94CE0094974E /* CustomTextField.swift */,
			);
			path = Components;
			sourceTree = "<group>";
		};
		26AF27482B3215580076B228 /* Extensions */ = {
			isa = PBXGroup;
			children = (
				26AF27492B3215680076B228 /* UIColor.swift */,
			);
			path = Extensions;
			sourceTree = "<group>";
		};
/* End PBXGroup section */

/* Begin PBXNativeTarget section */
		2678DE972B11F1EF0037A7FF /* Tracker */ = {
			isa = PBXNativeTarget;
			buildConfigurationList = 2678DEAC2B11F1F10037A7FF /* Build configuration list for PBXNativeTarget "Tracker" */;
			buildPhases = (
				2678DE942B11F1EF0037A7FF /* Sources */,
				2678DE952B11F1EF0037A7FF /* Frameworks */,
				2678DE962B11F1EF0037A7FF /* Resources */,
			);
			buildRules = (
			);
			dependencies = (
			);
			name = Tracker;
			packageProductDependencies = (
			);
			productName = Tracker;
			productReference = 2678DE982B11F1EF0037A7FF /* Tracker.app */;
			productType = "com.apple.product-type.application";
		};
/* End PBXNativeTarget section */

/* Begin PBXProject section */
		2678DE902B11F1EF0037A7FF /* Project object */ = {
			isa = PBXProject;
			attributes = {
				BuildIndependentTargetsInParallel = 1;
				LastSwiftUpdateCheck = 1420;
				LastUpgradeCheck = 1420;
				TargetAttributes = {
					2678DE972B11F1EF0037A7FF = {
						CreatedOnToolsVersion = 14.2;
					};
				};
			};
			buildConfigurationList = 2678DE932B11F1EF0037A7FF /* Build configuration list for PBXProject "Tracker" */;
			compatibilityVersion = "Xcode 14.0";
			developmentRegion = en;
			hasScannedForEncodings = 0;
			knownRegions = (
				en,
				Base,
			);
			mainGroup = 2678DE8F2B11F1EF0037A7FF;
			packageReferences = (
			);
			productRefGroup = 2678DE992B11F1EF0037A7FF /* Products */;
			projectDirPath = "";
			projectRoot = "";
			targets = (
				2678DE972B11F1EF0037A7FF /* Tracker */,
			);
		};
/* End PBXProject section */

/* Begin PBXResourcesBuildPhase section */
		2678DE962B11F1EF0037A7FF /* Resources */ = {
			isa = PBXResourcesBuildPhase;
			buildActionMask = 2147483647;
			files = (
				2678DEA82B11F1F10037A7FF /* LaunchScreen.storyboard in Resources */,
				2678DEA52B11F1F10037A7FF /* Assets.xcassets in Resources */,
				2678DEA32B11F1EF0037A7FF /* Main.storyboard in Resources */,
			);
			runOnlyForDeploymentPostprocessing = 0;
		};
/* End PBXResourcesBuildPhase section */

/* Begin PBXSourcesBuildPhase section */
		2678DE942B11F1EF0037A7FF /* Sources */ = {
			isa = PBXSourcesBuildPhase;
			buildActionMask = 2147483647;
			files = (
				2653A2AF2B1382B3006B92A5 /* TabBarViewController.swift in Sources */,
				2619991B2B136911006741B5 /* Tracker.swift in Sources */,
				2653A2D12B207DB9006B92A5 /* EmojisCollectionViewCell.swift in Sources */,
				2653A2D52B20F638006B92A5 /* CreateNewCategoryViewController.swift in Sources */,
				2653A2CF2B1FA8A5006B92A5 /* WeekDays.swift in Sources */,
				2653A2BF2B1F123F006B92A5 /* CreateNewHabitViewController.swift in Sources */,
				26AF27542B3216AD0076B228 /* TrackerCategoryCoreData+CoreDataProperties.swift in Sources */,
				261999212B136A62006741B5 /* TrackersViewController.swift in Sources */,
				26AF27552B3216AD0076B228 /* TrackerRecordCoreData+CoreDataClass.swift in Sources */,
				26AF27512B3216AD0076B228 /* TrackerCoreData+CoreDataClass.swift in Sources */,
				2653A2DB2B286129006B92A5 /* ColoursCollectionHeaderView.swift in Sources */,
				2653A2CD2B1FA88E006B92A5 /* SwitchOptions.swift in Sources */,
				2653A2C92B1F69EB006B92A5 /* SetCategoryViewController.swift in Sources */,
				2653A30F2B289CF7006B92A5 /* TrackerRecordStore.swift in Sources */,
				269A22432B4E94CE0094974E /* CustomTextField.swift in Sources */,
				2653A2D92B2860F1006B92A5 /* ColoursCollectionViewCell.swift in Sources */,
				2653A2C32B1F240A006B92A5 /* SettingTableViewCell.swift in Sources */,
				2653A3032B28864E006B92A5 /* DaysValueTransformer.swift in Sources */,
				262C06032B396BAC006FB716 /* CustomButton.swift in Sources */,
				2653A30B2B289CE3006B92A5 /* TrackerStore.swift in Sources */,
				2678DE9C2B11F1EF0037A7FF /* AppDelegate.swift in Sources */,
				2653A2CB2B1FA856006B92A5 /* SettingOptions.swift in Sources */,
				2653A2B92B139F5F006B92A5 /* TrackerCollectionViewCell.swift in Sources */,
				26AF274A2B3215680076B228 /* UIColor.swift in Sources */,
				26AF27522B3216AD0076B228 /* TrackerCoreData+CoreDataProperties.swift in Sources */,
				2678DE9E2B11F1EF0037A7FF /* SceneDelegate.swift in Sources */,
				26AF27562B3216AD0076B228 /* TrackerRecordCoreData+CoreDataProperties.swift in Sources */,
				2653A2B72B139EAF006B92A5 /* Collection Parameters.swift in Sources */,
				262C062B2B3B0C00006FB716 /* SetCategoryViewModel.swift in Sources */,
				26AF27532B3216AD0076B228 /* TrackerCategoryCoreData+CoreDataClass.swift in Sources */,
				2653A2C52B1F26A7006B92A5 /* SetScheduleViewController.swift in Sources */,
				2653A2BB2B139FB3006B92A5 /* TrackerCollectionViewHeader.swift in Sources */,
				2653A2B12B1382E4006B92A5 /* StatisticsViewController.swift in Sources */,
				2653A2D72B21EC64006B92A5 /* CategoriesTableViewCell.swift in Sources */,
				2653A30D2B289CEE006B92A5 /* TrackerCategoryStore.swift in Sources */,
				262C06272B399761006FB716 /* OnboardingViewController.swift in Sources */,
				2653A2D32B208E84006B92A5 /* EmojisCollectionHeaderView.swift in Sources */,
				2653A2C72B1F299F006B92A5 /* WeekDaysSwitchTableViewCell.swift in Sources */,
				2653A3012B2883B0006B92A5 /* Tracker.xcdatamodeld in Sources */,
				2653A2BD2B1E4563006B92A5 /* CreateTrackerViewController.swift in Sources */,
				2619991D2B13698F006741B5 /* TrackerCategory.swift in Sources */,
				2619991F2B1369C9006741B5 /* TrackerRecord.swift in Sources */,
				269A22452B4E958B0094974E /* OnboardingViewControllerBase.swift in Sources */,
			);
			runOnlyForDeploymentPostprocessing = 0;
		};
/* End PBXSourcesBuildPhase section */

/* Begin PBXVariantGroup section */
		2678DEA12B11F1EF0037A7FF /* Main.storyboard */ = {
			isa = PBXVariantGroup;
			children = (
				2678DEA22B11F1EF0037A7FF /* Base */,
			);
			name = Main.storyboard;
			sourceTree = "<group>";
		};
		2678DEA62B11F1F10037A7FF /* LaunchScreen.storyboard */ = {
			isa = PBXVariantGroup;
			children = (
				2678DEA72B11F1F10037A7FF /* Base */,
			);
			name = LaunchScreen.storyboard;
			sourceTree = "<group>";
		};
/* End PBXVariantGroup section */

/* Begin XCBuildConfiguration section */
		2678DEAA2B11F1F10037A7FF /* Debug */ = {
			isa = XCBuildConfiguration;
			buildSettings = {
				ALWAYS_SEARCH_USER_PATHS = NO;
				CLANG_ANALYZER_NONNULL = YES;
				CLANG_ANALYZER_NUMBER_OBJECT_CONVERSION = YES_AGGRESSIVE;
				CLANG_CXX_LANGUAGE_STANDARD = "gnu++20";
				CLANG_ENABLE_MODULES = YES;
				CLANG_ENABLE_OBJC_ARC = YES;
				CLANG_ENABLE_OBJC_WEAK = YES;
				CLANG_WARN_BLOCK_CAPTURE_AUTORELEASING = YES;
				CLANG_WARN_BOOL_CONVERSION = YES;
				CLANG_WARN_COMMA = YES;
				CLANG_WARN_CONSTANT_CONVERSION = YES;
				CLANG_WARN_DEPRECATED_OBJC_IMPLEMENTATIONS = YES;
				CLANG_WARN_DIRECT_OBJC_ISA_USAGE = YES_ERROR;
				CLANG_WARN_DOCUMENTATION_COMMENTS = YES;
				CLANG_WARN_EMPTY_BODY = YES;
				CLANG_WARN_ENUM_CONVERSION = YES;
				CLANG_WARN_INFINITE_RECURSION = YES;
				CLANG_WARN_INT_CONVERSION = YES;
				CLANG_WARN_NON_LITERAL_NULL_CONVERSION = YES;
				CLANG_WARN_OBJC_IMPLICIT_RETAIN_SELF = YES;
				CLANG_WARN_OBJC_LITERAL_CONVERSION = YES;
				CLANG_WARN_OBJC_ROOT_CLASS = YES_ERROR;
				CLANG_WARN_QUOTED_INCLUDE_IN_FRAMEWORK_HEADER = YES;
				CLANG_WARN_RANGE_LOOP_ANALYSIS = YES;
				CLANG_WARN_STRICT_PROTOTYPES = YES;
				CLANG_WARN_SUSPICIOUS_MOVE = YES;
				CLANG_WARN_UNGUARDED_AVAILABILITY = YES_AGGRESSIVE;
				CLANG_WARN_UNREACHABLE_CODE = YES;
				CLANG_WARN__DUPLICATE_METHOD_MATCH = YES;
				COPY_PHASE_STRIP = NO;
				DEBUG_INFORMATION_FORMAT = dwarf;
				ENABLE_STRICT_OBJC_MSGSEND = YES;
				ENABLE_TESTABILITY = YES;
				GCC_C_LANGUAGE_STANDARD = gnu11;
				GCC_DYNAMIC_NO_PIC = NO;
				GCC_NO_COMMON_BLOCKS = YES;
				GCC_OPTIMIZATION_LEVEL = 0;
				GCC_PREPROCESSOR_DEFINITIONS = (
					"DEBUG=1",
					"$(inherited)",
				);
				GCC_WARN_64_TO_32_BIT_CONVERSION = YES;
				GCC_WARN_ABOUT_RETURN_TYPE = YES_ERROR;
				GCC_WARN_UNDECLARED_SELECTOR = YES;
				GCC_WARN_UNINITIALIZED_AUTOS = YES_AGGRESSIVE;
				GCC_WARN_UNUSED_FUNCTION = YES;
				GCC_WARN_UNUSED_VARIABLE = YES;
				IPHONEOS_DEPLOYMENT_TARGET = 16.2;
				MTL_ENABLE_DEBUG_INFO = INCLUDE_SOURCE;
				MTL_FAST_MATH = YES;
				ONLY_ACTIVE_ARCH = YES;
				SDKROOT = iphoneos;
				SWIFT_ACTIVE_COMPILATION_CONDITIONS = DEBUG;
				SWIFT_OPTIMIZATION_LEVEL = "-Onone";
			};
			name = Debug;
		};
		2678DEAB2B11F1F10037A7FF /* Release */ = {
			isa = XCBuildConfiguration;
			buildSettings = {
				ALWAYS_SEARCH_USER_PATHS = NO;
				CLANG_ANALYZER_NONNULL = YES;
				CLANG_ANALYZER_NUMBER_OBJECT_CONVERSION = YES_AGGRESSIVE;
				CLANG_CXX_LANGUAGE_STANDARD = "gnu++20";
				CLANG_ENABLE_MODULES = YES;
				CLANG_ENABLE_OBJC_ARC = YES;
				CLANG_ENABLE_OBJC_WEAK = YES;
				CLANG_WARN_BLOCK_CAPTURE_AUTORELEASING = YES;
				CLANG_WARN_BOOL_CONVERSION = YES;
				CLANG_WARN_COMMA = YES;
				CLANG_WARN_CONSTANT_CONVERSION = YES;
				CLANG_WARN_DEPRECATED_OBJC_IMPLEMENTATIONS = YES;
				CLANG_WARN_DIRECT_OBJC_ISA_USAGE = YES_ERROR;
				CLANG_WARN_DOCUMENTATION_COMMENTS = YES;
				CLANG_WARN_EMPTY_BODY = YES;
				CLANG_WARN_ENUM_CONVERSION = YES;
				CLANG_WARN_INFINITE_RECURSION = YES;
				CLANG_WARN_INT_CONVERSION = YES;
				CLANG_WARN_NON_LITERAL_NULL_CONVERSION = YES;
				CLANG_WARN_OBJC_IMPLICIT_RETAIN_SELF = YES;
				CLANG_WARN_OBJC_LITERAL_CONVERSION = YES;
				CLANG_WARN_OBJC_ROOT_CLASS = YES_ERROR;
				CLANG_WARN_QUOTED_INCLUDE_IN_FRAMEWORK_HEADER = YES;
				CLANG_WARN_RANGE_LOOP_ANALYSIS = YES;
				CLANG_WARN_STRICT_PROTOTYPES = YES;
				CLANG_WARN_SUSPICIOUS_MOVE = YES;
				CLANG_WARN_UNGUARDED_AVAILABILITY = YES_AGGRESSIVE;
				CLANG_WARN_UNREACHABLE_CODE = YES;
				CLANG_WARN__DUPLICATE_METHOD_MATCH = YES;
				COPY_PHASE_STRIP = NO;
				DEBUG_INFORMATION_FORMAT = "dwarf-with-dsym";
				ENABLE_NS_ASSERTIONS = NO;
				ENABLE_STRICT_OBJC_MSGSEND = YES;
				GCC_C_LANGUAGE_STANDARD = gnu11;
				GCC_NO_COMMON_BLOCKS = YES;
				GCC_WARN_64_TO_32_BIT_CONVERSION = YES;
				GCC_WARN_ABOUT_RETURN_TYPE = YES_ERROR;
				GCC_WARN_UNDECLARED_SELECTOR = YES;
				GCC_WARN_UNINITIALIZED_AUTOS = YES_AGGRESSIVE;
				GCC_WARN_UNUSED_FUNCTION = YES;
				GCC_WARN_UNUSED_VARIABLE = YES;
				IPHONEOS_DEPLOYMENT_TARGET = 16.2;
				MTL_ENABLE_DEBUG_INFO = NO;
				MTL_FAST_MATH = YES;
				SDKROOT = iphoneos;
				SWIFT_COMPILATION_MODE = wholemodule;
				SWIFT_OPTIMIZATION_LEVEL = "-O";
				VALIDATE_PRODUCT = YES;
			};
			name = Release;
		};
		2678DEAD2B11F1F10037A7FF /* Debug */ = {
			isa = XCBuildConfiguration;
			buildSettings = {
				ASSETCATALOG_COMPILER_APPICON_NAME = AppIcon;
				ASSETCATALOG_COMPILER_GLOBAL_ACCENT_COLOR_NAME = AccentColor;
				CLANG_USE_OPTIMIZATION_PROFILE = NO;
				CODE_SIGN_STYLE = Automatic;
				CURRENT_PROJECT_VERSION = 1;
				DEVELOPMENT_TEAM = H47RMLWCVY;
				GENERATE_INFOPLIST_FILE = YES;
				INFOPLIST_FILE = Info.plist;
				INFOPLIST_KEY_CFBundleDisplayName = Tracker;
				INFOPLIST_KEY_UIApplicationSupportsIndirectInputEvents = YES;
				INFOPLIST_KEY_UILaunchStoryboardName = LaunchScreen;
				INFOPLIST_KEY_UIMainStoryboardFile = Main;
				INFOPLIST_KEY_UIStatusBarStyle = "";
				INFOPLIST_KEY_UISupportedInterfaceOrientations = UIInterfaceOrientationPortrait;
				INFOPLIST_KEY_UISupportedInterfaceOrientations_iPad = "UIInterfaceOrientationLandscapeLeft UIInterfaceOrientationLandscapeRight UIInterfaceOrientationPortrait UIInterfaceOrientationPortraitUpsideDown";
				IPHONEOS_DEPLOYMENT_TARGET = 13.4;
				LD_RUNPATH_SEARCH_PATHS = (
					"$(inherited)",
					"@executable_path/Frameworks",
				);
				MARKETING_VERSION = 1.0;
				PRODUCT_BUNDLE_IDENTIFIER = ru.yandex.ulianalukash.Tracker;
				PRODUCT_NAME = "$(TARGET_NAME)";
				SUPPORTED_PLATFORMS = "iphoneos iphonesimulator";
				SUPPORTS_MACCATALYST = NO;
				SUPPORTS_MAC_DESIGNED_FOR_IPHONE_IPAD = NO;
				SWIFT_EMIT_LOC_STRINGS = YES;
				SWIFT_VERSION = 5.0;
				TARGETED_DEVICE_FAMILY = 1;
			};
			name = Debug;
		};
		2678DEAE2B11F1F10037A7FF /* Release */ = {
			isa = XCBuildConfiguration;
			buildSettings = {
				ASSETCATALOG_COMPILER_APPICON_NAME = AppIcon;
				ASSETCATALOG_COMPILER_GLOBAL_ACCENT_COLOR_NAME = AccentColor;
				CLANG_USE_OPTIMIZATION_PROFILE = NO;
				CODE_SIGN_STYLE = Automatic;
				CURRENT_PROJECT_VERSION = 1;
				DEVELOPMENT_TEAM = H47RMLWCVY;
				GENERATE_INFOPLIST_FILE = YES;
				INFOPLIST_FILE = Info.plist;
				INFOPLIST_KEY_CFBundleDisplayName = Tracker;
				INFOPLIST_KEY_UIApplicationSupportsIndirectInputEvents = YES;
				INFOPLIST_KEY_UILaunchStoryboardName = LaunchScreen;
				INFOPLIST_KEY_UIMainStoryboardFile = Main;
				INFOPLIST_KEY_UIStatusBarStyle = "";
				INFOPLIST_KEY_UISupportedInterfaceOrientations = UIInterfaceOrientationPortrait;
				INFOPLIST_KEY_UISupportedInterfaceOrientations_iPad = "UIInterfaceOrientationLandscapeLeft UIInterfaceOrientationLandscapeRight UIInterfaceOrientationPortrait UIInterfaceOrientationPortraitUpsideDown";
				IPHONEOS_DEPLOYMENT_TARGET = 13.4;
				LD_RUNPATH_SEARCH_PATHS = (
					"$(inherited)",
					"@executable_path/Frameworks",
				);
				MARKETING_VERSION = 1.0;
				PRODUCT_BUNDLE_IDENTIFIER = ru.yandex.ulianalukash.Tracker;
				PRODUCT_NAME = "$(TARGET_NAME)";
				SUPPORTED_PLATFORMS = "iphoneos iphonesimulator";
				SUPPORTS_MACCATALYST = NO;
				SUPPORTS_MAC_DESIGNED_FOR_IPHONE_IPAD = NO;
				SWIFT_EMIT_LOC_STRINGS = YES;
				SWIFT_VERSION = 5.0;
				TARGETED_DEVICE_FAMILY = 1;
			};
			name = Release;
		};
/* End XCBuildConfiguration section */

/* Begin XCConfigurationList section */
		2678DE932B11F1EF0037A7FF /* Build configuration list for PBXProject "Tracker" */ = {
			isa = XCConfigurationList;
			buildConfigurations = (
				2678DEAA2B11F1F10037A7FF /* Debug */,
				2678DEAB2B11F1F10037A7FF /* Release */,
			);
			defaultConfigurationIsVisible = 0;
			defaultConfigurationName = Release;
		};
		2678DEAC2B11F1F10037A7FF /* Build configuration list for PBXNativeTarget "Tracker" */ = {
			isa = XCConfigurationList;
			buildConfigurations = (
				2678DEAD2B11F1F10037A7FF /* Debug */,
				2678DEAE2B11F1F10037A7FF /* Release */,
			);
			defaultConfigurationIsVisible = 0;
			defaultConfigurationName = Release;
		};
/* End XCConfigurationList section */

/* Begin XCVersionGroup section */
		2653A2FF2B2883B0006B92A5 /* Tracker.xcdatamodeld */ = {
			isa = XCVersionGroup;
			children = (
				2653A3002B2883B0006B92A5 /* Tracker.xcdatamodel */,
			);
			currentVersion = 2653A3002B2883B0006B92A5 /* Tracker.xcdatamodel */;
			path = Tracker.xcdatamodeld;
			sourceTree = "<group>";
			versionGroupType = wrapper.xcdatamodel;
		};
/* End XCVersionGroup section */
	};
	rootObject = 2678DE902B11F1EF0037A7FF /* Project object */;
}
